// !$*UTF8*$!
{
	archiveVersion = 1;
	classes = {
	};
	objectVersion = 46;
	objects = {

/* Begin PBXBuildFile section */
		014167A5192E9DFE0018631E /* Twitter.framework in Frameworks */ = {isa = PBXBuildFile; fileRef = 014167A4192E9DFE0018631E /* Twitter.framework */; };
		014167A7192E9E140018631E /* Accounts.framework in Frameworks */ = {isa = PBXBuildFile; fileRef = 014167A6192E9E140018631E /* Accounts.framework */; };
		0151E8281923F30400654374 /* button_background.png in Resources */ = {isa = PBXBuildFile; fileRef = 0151E81B1923F30400654374 /* button_background.png */; };
		0151E8291923F30400654374 /* button_background@2x.png in Resources */ = {isa = PBXBuildFile; fileRef = 0151E81C1923F30400654374 /* button_background@2x.png */; };
		0151E82A1923F30400654374 /* Default-568h@2x.png in Resources */ = {isa = PBXBuildFile; fileRef = 0151E81D1923F30400654374 /* Default-568h@2x.png */; };
		0151E82B1923F30400654374 /* Default.png in Resources */ = {isa = PBXBuildFile; fileRef = 0151E81E1923F30400654374 /* Default.png */; };
		0151E82C1923F30400654374 /* Default@2x.png in Resources */ = {isa = PBXBuildFile; fileRef = 0151E81F1923F30400654374 /* Default@2x.png */; };
		0151E82D1923F30400654374 /* home_background_640_1136.png in Resources */ = {isa = PBXBuildFile; fileRef = 0151E8201923F30400654374 /* home_background_640_1136.png */; };
		0151E82E1923F30400654374 /* home_background_640_960.png in Resources */ = {isa = PBXBuildFile; fileRef = 0151E8211923F30400654374 /* home_background_640_960.png */; };
		0151E82F1923F30400654374 /* home_background_640_960@2x.png in Resources */ = {isa = PBXBuildFile; fileRef = 0151E8221923F30400654374 /* home_background_640_960@2x.png */; };
		0151E8301923F30400654374 /* radio_pause_button.png in Resources */ = {isa = PBXBuildFile; fileRef = 0151E8231923F30400654374 /* radio_pause_button.png */; };
		0151E8311923F30400654374 /* radio_pause_button@2x.png in Resources */ = {isa = PBXBuildFile; fileRef = 0151E8241923F30400654374 /* radio_pause_button@2x.png */; };
		0151E8321923F30400654374 /* radio_play_button.png in Resources */ = {isa = PBXBuildFile; fileRef = 0151E8251923F30400654374 /* radio_play_button.png */; };
		0151E8331923F30400654374 /* radio_play_button@2x.png in Resources */ = {isa = PBXBuildFile; fileRef = 0151E8261923F30400654374 /* radio_play_button@2x.png */; };
		0151E83B1924326F00654374 /* slider-cap.png in Resources */ = {isa = PBXBuildFile; fileRef = 0151E8351924326F00654374 /* slider-cap.png */; };
		0151E83C1924326F00654374 /* slider-cap@2x.png in Resources */ = {isa = PBXBuildFile; fileRef = 0151E8361924326F00654374 /* slider-cap@2x.png */; };
		0151E83D1924326F00654374 /* slider-track-fill.png in Resources */ = {isa = PBXBuildFile; fileRef = 0151E8371924326F00654374 /* slider-track-fill.png */; };
		0151E83E1924326F00654374 /* slider-track-fill@2x.png in Resources */ = {isa = PBXBuildFile; fileRef = 0151E8381924326F00654374 /* slider-track-fill@2x.png */; };
		0151E83F1924326F00654374 /* slider-track.png in Resources */ = {isa = PBXBuildFile; fileRef = 0151E8391924326F00654374 /* slider-track.png */; };
		0151E8401924326F00654374 /* slider-track@2x.png in Resources */ = {isa = PBXBuildFile; fileRef = 0151E83A1924326F00654374 /* slider-track@2x.png */; };
		0170F66B19253C8600C8E329 /* centerIcon@2x.png in Resources */ = {isa = PBXBuildFile; fileRef = 0170F66619253C8600C8E329 /* centerIcon@2x.png */; };
		0170F66C19253C8600C8E329 /* UIScrollView+UzysCircularProgressPullToRefresh.m in Sources */ = {isa = PBXBuildFile; fileRef = 0170F66819253C8600C8E329 /* UIScrollView+UzysCircularProgressPullToRefresh.m */; };
		0170F66D19253C8600C8E329 /* UzysRadialProgressActivityIndicator.m in Sources */ = {isa = PBXBuildFile; fileRef = 0170F66A19253C8600C8E329 /* UzysRadialProgressActivityIndicator.m */; };
		01A4743A1922AF4A00D5F226 /* AFHTTPRequestOperation.m in Sources */ = {isa = PBXBuildFile; fileRef = 01A474281922AF4A00D5F226 /* AFHTTPRequestOperation.m */; };
		01A4743B1922AF4A00D5F226 /* AFHTTPRequestOperationManager.m in Sources */ = {isa = PBXBuildFile; fileRef = 01A4742A1922AF4A00D5F226 /* AFHTTPRequestOperationManager.m */; };
		01A4743C1922AF4A00D5F226 /* AFHTTPSessionManager.m in Sources */ = {isa = PBXBuildFile; fileRef = 01A4742C1922AF4A00D5F226 /* AFHTTPSessionManager.m */; };
		01A4743D1922AF4A00D5F226 /* AFNetworkReachabilityManager.m in Sources */ = {isa = PBXBuildFile; fileRef = 01A4742F1922AF4A00D5F226 /* AFNetworkReachabilityManager.m */; };
		01A4743E1922AF4A00D5F226 /* AFSecurityPolicy.m in Sources */ = {isa = PBXBuildFile; fileRef = 01A474311922AF4A00D5F226 /* AFSecurityPolicy.m */; };
		01A4743F1922AF4A00D5F226 /* AFURLConnectionOperation.m in Sources */ = {isa = PBXBuildFile; fileRef = 01A474331922AF4A00D5F226 /* AFURLConnectionOperation.m */; };
		01A474401922AF4A00D5F226 /* AFURLRequestSerialization.m in Sources */ = {isa = PBXBuildFile; fileRef = 01A474351922AF4A00D5F226 /* AFURLRequestSerialization.m */; };
		01A474411922AF4A00D5F226 /* AFURLResponseSerialization.m in Sources */ = {isa = PBXBuildFile; fileRef = 01A474371922AF4A00D5F226 /* AFURLResponseSerialization.m */; };
		01A474421922AF4A00D5F226 /* AFURLSessionManager.m in Sources */ = {isa = PBXBuildFile; fileRef = 01A474391922AF4A00D5F226 /* AFURLSessionManager.m */; };
		01A474451922B62800D5F226 /* TweetCollectionViewCell.m in Sources */ = {isa = PBXBuildFile; fileRef = 01A474441922B62800D5F226 /* TweetCollectionViewCell.m */; };
		01AFE5D5192BD27C005FC05B /* NSDateFormatter+STTwitter.m in Sources */ = {isa = PBXBuildFile; fileRef = 01AFE5B9192BD27C005FC05B /* NSDateFormatter+STTwitter.m */; };
		01AFE5D6192BD27C005FC05B /* NSError+STTwitter.m in Sources */ = {isa = PBXBuildFile; fileRef = 01AFE5BB192BD27C005FC05B /* NSError+STTwitter.m */; };
		01AFE5D7192BD27C005FC05B /* NSString+STTwitter.m in Sources */ = {isa = PBXBuildFile; fileRef = 01AFE5BD192BD27C005FC05B /* NSString+STTwitter.m */; };
		01AFE5D8192BD27C005FC05B /* STHTTPRequest+STTwitter.m in Sources */ = {isa = PBXBuildFile; fileRef = 01AFE5BF192BD27C005FC05B /* STHTTPRequest+STTwitter.m */; };
		01AFE5D9192BD27C005FC05B /* STTwitterAPI.m in Sources */ = {isa = PBXBuildFile; fileRef = 01AFE5C2192BD27C005FC05B /* STTwitterAPI.m */; };
		01AFE5DA192BD27C005FC05B /* STTwitterAppOnly.m in Sources */ = {isa = PBXBuildFile; fileRef = 01AFE5C4192BD27C005FC05B /* STTwitterAppOnly.m */; };
		01AFE5DB192BD27C005FC05B /* STTwitterHTML.m in Sources */ = {isa = PBXBuildFile; fileRef = 01AFE5C6192BD27C005FC05B /* STTwitterHTML.m */; };
		01AFE5DC192BD27C005FC05B /* STTwitterOAuth.m in Sources */ = {isa = PBXBuildFile; fileRef = 01AFE5C8192BD27C005FC05B /* STTwitterOAuth.m */; };
		01AFE5DD192BD27C005FC05B /* STTwitterOS.m in Sources */ = {isa = PBXBuildFile; fileRef = 01AFE5CA192BD27C005FC05B /* STTwitterOS.m */; };
		01AFE5DE192BD27C005FC05B /* STTwitterOSRequest.m in Sources */ = {isa = PBXBuildFile; fileRef = 01AFE5CC192BD27C005FC05B /* STTwitterOSRequest.m */; };
		01AFE5DF192BD27C005FC05B /* BAVPlistNode.m in Sources */ = {isa = PBXBuildFile; fileRef = 01AFE5D0192BD27C005FC05B /* BAVPlistNode.m */; };
		01AFE5E0192BD27C005FC05B /* JSONSyntaxHighlight.m in Sources */ = {isa = PBXBuildFile; fileRef = 01AFE5D2192BD27C005FC05B /* JSONSyntaxHighlight.m */; };
		01AFE5E1192BD27C005FC05B /* STHTTPRequest.m in Sources */ = {isa = PBXBuildFile; fileRef = 01AFE5D4192BD27C005FC05B /* STHTTPRequest.m */; };
		01AFE5E4192BD2B2005FC05B /* TwitterManager.m in Sources */ = {isa = PBXBuildFile; fileRef = 01AFE5E3192BD2B2005FC05B /* TwitterManager.m */; };
		01C4D81B192541BF00206D1B /* TweetViewController.m in Sources */ = {isa = PBXBuildFile; fileRef = 01C4D81A192541BF00206D1B /* TweetViewController.m */; };
		01C4D81E192552EE00206D1B /* planet_xilium_logo.png in Resources */ = {isa = PBXBuildFile; fileRef = 01C4D81D192552EE00206D1B /* planet_xilium_logo.png */; };
		01C4D821192556CD00206D1B /* TweetTableViewCell.m in Sources */ = {isa = PBXBuildFile; fileRef = 01C4D820192556CD00206D1B /* TweetTableViewCell.m */; };
		01C4D8291925806800206D1B /* xilium_head@2x.png in Resources */ = {isa = PBXBuildFile; fileRef = 01C4D8281925806800206D1B /* xilium_head@2x.png */; };
		01C4D82B1925806E00206D1B /* xilium_head.png in Resources */ = {isa = PBXBuildFile; fileRef = 01C4D82A1925806E00206D1B /* xilium_head.png */; };
		01C6A23D1922DE88007E9E4F /* MKAnnotationView+WebCache.m in Sources */ = {isa = PBXBuildFile; fileRef = 01C6A22A1922DE88007E9E4F /* MKAnnotationView+WebCache.m */; };
		01C6A23E1922DE88007E9E4F /* SDImageCache.m in Sources */ = {isa = PBXBuildFile; fileRef = 01C6A22C1922DE88007E9E4F /* SDImageCache.m */; };
		01C6A23F1922DE88007E9E4F /* SDWebImageDecoder.m in Sources */ = {isa = PBXBuildFile; fileRef = 01C6A2301922DE88007E9E4F /* SDWebImageDecoder.m */; };
		01C6A2401922DE88007E9E4F /* SDWebImageDownloader.m in Sources */ = {isa = PBXBuildFile; fileRef = 01C6A2321922DE88007E9E4F /* SDWebImageDownloader.m */; };
		01C6A2411922DE88007E9E4F /* SDWebImageManager.m in Sources */ = {isa = PBXBuildFile; fileRef = 01C6A2351922DE88007E9E4F /* SDWebImageManager.m */; };
		01C6A2421922DE88007E9E4F /* SDWebImagePrefetcher.m in Sources */ = {isa = PBXBuildFile; fileRef = 01C6A2381922DE88007E9E4F /* SDWebImagePrefetcher.m */; };
		01C6A2431922DE88007E9E4F /* UIButton+WebCache.m in Sources */ = {isa = PBXBuildFile; fileRef = 01C6A23A1922DE88007E9E4F /* UIButton+WebCache.m */; };
		01C6A2441922DE88007E9E4F /* UIImageView+WebCache.m in Sources */ = {isa = PBXBuildFile; fileRef = 01C6A23C1922DE88007E9E4F /* UIImageView+WebCache.m */; };
		01C6A24E1922DF85007E9E4F /* UIImage+Alpha.m in Sources */ = {isa = PBXBuildFile; fileRef = 01C6A2471922DF85007E9E4F /* UIImage+Alpha.m */; };
		01C6A24F1922DF85007E9E4F /* UIImage+Resize.m in Sources */ = {isa = PBXBuildFile; fileRef = 01C6A2491922DF85007E9E4F /* UIImage+Resize.m */; };
		01C6A2501922DF85007E9E4F /* UIImage+RoundedCorner.m in Sources */ = {isa = PBXBuildFile; fileRef = 01C6A24B1922DF85007E9E4F /* UIImage+RoundedCorner.m */; };
		01C6A2511922DF85007E9E4F /* UIImage+Scaling.m in Sources */ = {isa = PBXBuildFile; fileRef = 01C6A24D1922DF85007E9E4F /* UIImage+Scaling.m */; };
		C6085B4D192B040900BF0A11 /* rockbox_logo.png in Resources */ = {isa = PBXBuildFile; fileRef = C6085B4C192B040900BF0A11 /* rockbox_logo.png */; };
		C6085B4F192B067900BF0A11 /* Lobster.ttf in Resources */ = {isa = PBXBuildFile; fileRef = C6085B4E192B067900BF0A11 /* Lobster.ttf */; };
		C6085B52192B189A00BF0A11 /* arrow.png in Resources */ = {isa = PBXBuildFile; fileRef = C6085B50192B189A00BF0A11 /* arrow.png */; };
		C6085B53192B189A00BF0A11 /* arrow@2x.png in Resources */ = {isa = PBXBuildFile; fileRef = C6085B51192B189A00BF0A11 /* arrow@2x.png */; };
		C6A250ED19135C6100A2DA8F /* Foundation.framework in Frameworks */ = {isa = PBXBuildFile; fileRef = C6A250EC19135C6100A2DA8F /* Foundation.framework */; };
		C6A250EF19135C6100A2DA8F /* CoreGraphics.framework in Frameworks */ = {isa = PBXBuildFile; fileRef = C6A250EE19135C6100A2DA8F /* CoreGraphics.framework */; };
		C6A250F119135C6100A2DA8F /* UIKit.framework in Frameworks */ = {isa = PBXBuildFile; fileRef = C6A250F019135C6100A2DA8F /* UIKit.framework */; };
		C6A250F719135C6100A2DA8F /* InfoPlist.strings in Resources */ = {isa = PBXBuildFile; fileRef = C6A250F519135C6100A2DA8F /* InfoPlist.strings */; };
		C6A250F919135C6100A2DA8F /* main.m in Sources */ = {isa = PBXBuildFile; fileRef = C6A250F819135C6100A2DA8F /* main.m */; };
		C6A250FD19135C6100A2DA8F /* AppDelegate.m in Sources */ = {isa = PBXBuildFile; fileRef = C6A250FC19135C6100A2DA8F /* AppDelegate.m */; };
		C6A2510019135C6100A2DA8F /* Main.storyboard in Resources */ = {isa = PBXBuildFile; fileRef = C6A250FE19135C6100A2DA8F /* Main.storyboard */; };
		C6A2510319135C6100A2DA8F /* ViewController.m in Sources */ = {isa = PBXBuildFile; fileRef = C6A2510219135C6100A2DA8F /* ViewController.m */; };
		C6A2510519135C6100A2DA8F /* Images.xcassets in Resources */ = {isa = PBXBuildFile; fileRef = C6A2510419135C6100A2DA8F /* Images.xcassets */; };
		C6A2510C19135C6100A2DA8F /* XCTest.framework in Frameworks */ = {isa = PBXBuildFile; fileRef = C6A2510B19135C6100A2DA8F /* XCTest.framework */; };
		C6A2510D19135C6100A2DA8F /* Foundation.framework in Frameworks */ = {isa = PBXBuildFile; fileRef = C6A250EC19135C6100A2DA8F /* Foundation.framework */; };
		C6A2510E19135C6100A2DA8F /* UIKit.framework in Frameworks */ = {isa = PBXBuildFile; fileRef = C6A250F019135C6100A2DA8F /* UIKit.framework */; };
		C6A2511619135C6100A2DA8F /* InfoPlist.strings in Resources */ = {isa = PBXBuildFile; fileRef = C6A2511419135C6100A2DA8F /* InfoPlist.strings */; };
		C6A2511819135C6100A2DA8F /* PlanetXiliumRadioTests.m in Sources */ = {isa = PBXBuildFile; fileRef = C6A2511719135C6100A2DA8F /* PlanetXiliumRadioTests.m */; };
		C6A2512219135C8D00A2DA8F /* CFNetwork.framework in Frameworks */ = {isa = PBXBuildFile; fileRef = C6A2512119135C8D00A2DA8F /* CFNetwork.framework */; };
		C6A2512419135CA100A2DA8F /* AudioToolbox.framework in Frameworks */ = {isa = PBXBuildFile; fileRef = C6A2512319135CA100A2DA8F /* AudioToolbox.framework */; };
		C6A2512619135CA900A2DA8F /* AVFoundation.framework in Frameworks */ = {isa = PBXBuildFile; fileRef = C6A2512519135CA900A2DA8F /* AVFoundation.framework */; };
		C6A2512819135CB400A2DA8F /* libxml2.dylib in Frameworks */ = {isa = PBXBuildFile; fileRef = C6A2512719135CB400A2DA8F /* libxml2.dylib */; };
		C6A2512A19135CC300A2DA8F /* MediaPlayer.framework in Frameworks */ = {isa = PBXBuildFile; fileRef = C6A2512919135CC300A2DA8F /* MediaPlayer.framework */; };
		C6A2513A19135D3800A2DA8F /* audio_queue.cpp in Sources */ = {isa = PBXBuildFile; fileRef = C6A2512E19135D3800A2DA8F /* audio_queue.cpp */; };
		C6A2513B19135D3800A2DA8F /* audio_stream.cpp in Sources */ = {isa = PBXBuildFile; fileRef = C6A2513019135D3800A2DA8F /* audio_stream.cpp */; };
		C6A2513C19135D3800A2DA8F /* file_output.cpp in Sources */ = {isa = PBXBuildFile; fileRef = C6A2513219135D3800A2DA8F /* file_output.cpp */; };
		C6A2513D19135D3800A2DA8F /* http_stream.cpp in Sources */ = {isa = PBXBuildFile; fileRef = C6A2513419135D3800A2DA8F /* http_stream.cpp */; };
		C6A2513E19135D3800A2DA8F /* id3_parser.cpp in Sources */ = {isa = PBXBuildFile; fileRef = C6A2513619135D3800A2DA8F /* id3_parser.cpp */; };
		C6A2513F19135D3800A2DA8F /* stream_configuration.cpp in Sources */ = {isa = PBXBuildFile; fileRef = C6A2513819135D3800A2DA8F /* stream_configuration.cpp */; };
		C6A2515119135D4100A2DA8F /* FSAudioController.m in Sources */ = {isa = PBXBuildFile; fileRef = C6A2514219135D4100A2DA8F /* FSAudioController.m */; };
		C6A2515219135D4100A2DA8F /* FSAudioStream.mm in Sources */ = {isa = PBXBuildFile; fileRef = C6A2514419135D4100A2DA8F /* FSAudioStream.mm */; };
		C6A2515319135D4100A2DA8F /* FSCheckContentTypeRequest.m in Sources */ = {isa = PBXBuildFile; fileRef = C6A2514619135D4100A2DA8F /* FSCheckContentTypeRequest.m */; };
		C6A2515419135D4100A2DA8F /* FSParsePlaylistRequest.m in Sources */ = {isa = PBXBuildFile; fileRef = C6A2514819135D4100A2DA8F /* FSParsePlaylistRequest.m */; };
		C6A2515519135D4100A2DA8F /* FSParseRssPodcastFeedRequest.m in Sources */ = {isa = PBXBuildFile; fileRef = C6A2514A19135D4100A2DA8F /* FSParseRssPodcastFeedRequest.m */; };
		C6A2515619135D4100A2DA8F /* FSPlaylistItem.m in Sources */ = {isa = PBXBuildFile; fileRef = C6A2514C19135D4100A2DA8F /* FSPlaylistItem.m */; };
		C6A2515719135D4100A2DA8F /* FSXMLHttpRequest.m in Sources */ = {isa = PBXBuildFile; fileRef = C6A2514E19135D4100A2DA8F /* FSXMLHttpRequest.m */; };
		C6A2515819135D4100A2DA8F /* Reachability.m in Sources */ = {isa = PBXBuildFile; fileRef = C6A2515019135D4100A2DA8F /* Reachability.m */; };
		C6A25163191373BC00A2DA8F /* Dosis-Bold.otf in Resources */ = {isa = PBXBuildFile; fileRef = C6A2515C191373BC00A2DA8F /* Dosis-Bold.otf */; };
		C6A25164191373BC00A2DA8F /* Dosis-ExtraBold.otf in Resources */ = {isa = PBXBuildFile; fileRef = C6A2515D191373BC00A2DA8F /* Dosis-ExtraBold.otf */; };
		C6A25165191373BC00A2DA8F /* Dosis-ExtraLight.otf in Resources */ = {isa = PBXBuildFile; fileRef = C6A2515E191373BC00A2DA8F /* Dosis-ExtraLight.otf */; };
		C6A25166191373BC00A2DA8F /* Dosis-Light.otf in Resources */ = {isa = PBXBuildFile; fileRef = C6A2515F191373BC00A2DA8F /* Dosis-Light.otf */; };
		C6A25167191373BC00A2DA8F /* Dosis-Medium.otf in Resources */ = {isa = PBXBuildFile; fileRef = C6A25160191373BC00A2DA8F /* Dosis-Medium.otf */; };
		C6A25168191373BC00A2DA8F /* Dosis-Regular.otf in Resources */ = {isa = PBXBuildFile; fileRef = C6A25161191373BC00A2DA8F /* Dosis-Regular.otf */; };
		C6A25169191373BC00A2DA8F /* Dosis-SemiBold.otf in Resources */ = {isa = PBXBuildFile; fileRef = C6A25162191373BC00A2DA8F /* Dosis-SemiBold.otf */; };
		C6A25178191374B700A2DA8F /* circle_image.png in Resources */ = {isa = PBXBuildFile; fileRef = C6A2516A191374B700A2DA8F /* circle_image.png */; };
		C6A25179191374B700A2DA8F /* circle_image@2x.png in Resources */ = {isa = PBXBuildFile; fileRef = C6A2516B191374B700A2DA8F /* circle_image@2x.png */; };
		C6A2517A191374B700A2DA8F /* main_background.png in Resources */ = {isa = PBXBuildFile; fileRef = C6A2516C191374B700A2DA8F /* main_background.png */; };
		C6A2517B191374B700A2DA8F /* main_background@2x.png in Resources */ = {isa = PBXBuildFile; fileRef = C6A2516D191374B700A2DA8F /* main_background@2x.png */; };
		C6A2517C191374B700A2DA8F /* menu_button.png in Resources */ = {isa = PBXBuildFile; fileRef = C6A2516E191374B700A2DA8F /* menu_button.png */; };
		C6A2517D191374B700A2DA8F /* menu_button@2x.png in Resources */ = {isa = PBXBuildFile; fileRef = C6A2516F191374B700A2DA8F /* menu_button@2x.png */; };
		C6A2517E191374B700A2DA8F /* next_button.png in Resources */ = {isa = PBXBuildFile; fileRef = C6A25170191374B700A2DA8F /* next_button.png */; };
		C6A2517F191374B700A2DA8F /* next_button@2x.png in Resources */ = {isa = PBXBuildFile; fileRef = C6A25171191374B700A2DA8F /* next_button@2x.png */; };
		C6A25180191374B700A2DA8F /* previous_button.png in Resources */ = {isa = PBXBuildFile; fileRef = C6A25172191374B700A2DA8F /* previous_button.png */; };
		C6A25181191374B700A2DA8F /* previous_button@2x.png in Resources */ = {isa = PBXBuildFile; fileRef = C6A25173191374B700A2DA8F /* previous_button@2x.png */; };
		C6A25182191374B700A2DA8F /* share_button.png in Resources */ = {isa = PBXBuildFile; fileRef = C6A25174191374B700A2DA8F /* share_button.png */; };
		C6A25183191374B700A2DA8F /* share_button@2x.png in Resources */ = {isa = PBXBuildFile; fileRef = C6A25175191374B700A2DA8F /* share_button@2x.png */; };
		C6A25184191374B700A2DA8F /* sound_image_background.png in Resources */ = {isa = PBXBuildFile; fileRef = C6A25176191374B700A2DA8F /* sound_image_background.png */; };
		C6A25185191374B700A2DA8F /* sound_image_background@2x.png in Resources */ = {isa = PBXBuildFile; fileRef = C6A25177191374B700A2DA8F /* sound_image_background@2x.png */; };
		C6A2518C1913750100A2DA8F /* MainViewController.m in Sources */ = {isa = PBXBuildFile; fileRef = C6A2518B1913750100A2DA8F /* MainViewController.m */; };
		C6A2519119137D2100A2DA8F /* pause_button.png in Resources */ = {isa = PBXBuildFile; fileRef = C6A2518D19137D2100A2DA8F /* pause_button.png */; };
		C6A2519219137D2100A2DA8F /* pause_button@2x.png in Resources */ = {isa = PBXBuildFile; fileRef = C6A2518E19137D2100A2DA8F /* pause_button@2x.png */; };
		C6A2519319137D2100A2DA8F /* play_button.png in Resources */ = {isa = PBXBuildFile; fileRef = C6A2518F19137D2100A2DA8F /* play_button.png */; };
		C6A2519419137D2100A2DA8F /* play_button@2x.png in Resources */ = {isa = PBXBuildFile; fileRef = C6A2519019137D2100A2DA8F /* play_button@2x.png */; };
		C6F6469D19246E2100FEA5AD /* container_background.png in Resources */ = {isa = PBXBuildFile; fileRef = C6F6469B19246E2100FEA5AD /* container_background.png */; };
		C6F6469E19246E2100FEA5AD /* container_background@2x.png in Resources */ = {isa = PBXBuildFile; fileRef = C6F6469C19246E2100FEA5AD /* container_background@2x.png */; };
		C6F646A019246F4D00FEA5AD /* typenoksidi.ttf in Resources */ = {isa = PBXBuildFile; fileRef = C6F6469F19246F4D00FEA5AD /* typenoksidi.ttf */; };
		C6F646A319247DB400FEA5AD /* empty_avatar@2x.png in Resources */ = {isa = PBXBuildFile; fileRef = C6F646A119247DB400FEA5AD /* empty_avatar@2x.png */; };
		C6F646A419247DB400FEA5AD /* empty_avatar.png in Resources */ = {isa = PBXBuildFile; fileRef = C6F646A219247DB400FEA5AD /* empty_avatar.png */; };
/* End PBXBuildFile section */

/* Begin PBXContainerItemProxy section */
		C6A2510F19135C6100A2DA8F /* PBXContainerItemProxy */ = {
			isa = PBXContainerItemProxy;
			containerPortal = C6A250E119135C6100A2DA8F /* Project object */;
			proxyType = 1;
			remoteGlobalIDString = C6A250E819135C6100A2DA8F;
			remoteInfo = PlanetXiliumRadio;
		};
/* End PBXContainerItemProxy section */

/* Begin PBXFileReference section */
		014167A4192E9DFE0018631E /* Twitter.framework */ = {isa = PBXFileReference; lastKnownFileType = wrapper.framework; name = Twitter.framework; path = System/Library/Frameworks/Twitter.framework; sourceTree = SDKROOT; };
		014167A6192E9E140018631E /* Accounts.framework */ = {isa = PBXFileReference; lastKnownFileType = wrapper.framework; name = Accounts.framework; path = System/Library/Frameworks/Accounts.framework; sourceTree = SDKROOT; };
		0151E81B1923F30400654374 /* button_background.png */ = {isa = PBXFileReference; lastKnownFileType = image.png; path = button_background.png; sourceTree = "<group>"; };
		0151E81C1923F30400654374 /* button_background@2x.png */ = {isa = PBXFileReference; lastKnownFileType = image.png; path = "button_background@2x.png"; sourceTree = "<group>"; };
		0151E81D1923F30400654374 /* Default-568h@2x.png */ = {isa = PBXFileReference; lastKnownFileType = image.png; path = "Default-568h@2x.png"; sourceTree = "<group>"; };
		0151E81E1923F30400654374 /* Default.png */ = {isa = PBXFileReference; lastKnownFileType = image.png; path = Default.png; sourceTree = "<group>"; };
		0151E81F1923F30400654374 /* Default@2x.png */ = {isa = PBXFileReference; lastKnownFileType = image.png; path = "Default@2x.png"; sourceTree = "<group>"; };
		0151E8201923F30400654374 /* home_background_640_1136.png */ = {isa = PBXFileReference; lastKnownFileType = image.png; path = home_background_640_1136.png; sourceTree = "<group>"; };
		0151E8211923F30400654374 /* home_background_640_960.png */ = {isa = PBXFileReference; lastKnownFileType = image.png; path = home_background_640_960.png; sourceTree = "<group>"; };
		0151E8221923F30400654374 /* home_background_640_960@2x.png */ = {isa = PBXFileReference; lastKnownFileType = image.png; path = "home_background_640_960@2x.png"; sourceTree = "<group>"; };
		0151E8231923F30400654374 /* radio_pause_button.png */ = {isa = PBXFileReference; lastKnownFileType = image.png; path = radio_pause_button.png; sourceTree = "<group>"; };
		0151E8241923F30400654374 /* radio_pause_button@2x.png */ = {isa = PBXFileReference; lastKnownFileType = image.png; path = "radio_pause_button@2x.png"; sourceTree = "<group>"; };
		0151E8251923F30400654374 /* radio_play_button.png */ = {isa = PBXFileReference; lastKnownFileType = image.png; path = radio_play_button.png; sourceTree = "<group>"; };
		0151E8261923F30400654374 /* radio_play_button@2x.png */ = {isa = PBXFileReference; lastKnownFileType = image.png; path = "radio_play_button@2x.png"; sourceTree = "<group>"; };
		0151E8351924326F00654374 /* slider-cap.png */ = {isa = PBXFileReference; lastKnownFileType = image.png; path = "slider-cap.png"; sourceTree = "<group>"; };
		0151E8361924326F00654374 /* slider-cap@2x.png */ = {isa = PBXFileReference; lastKnownFileType = image.png; path = "slider-cap@2x.png"; sourceTree = "<group>"; };
		0151E8371924326F00654374 /* slider-track-fill.png */ = {isa = PBXFileReference; lastKnownFileType = image.png; path = "slider-track-fill.png"; sourceTree = "<group>"; };
		0151E8381924326F00654374 /* slider-track-fill@2x.png */ = {isa = PBXFileReference; lastKnownFileType = image.png; path = "slider-track-fill@2x.png"; sourceTree = "<group>"; };
		0151E8391924326F00654374 /* slider-track.png */ = {isa = PBXFileReference; lastKnownFileType = image.png; path = "slider-track.png"; sourceTree = "<group>"; };
		0151E83A1924326F00654374 /* slider-track@2x.png */ = {isa = PBXFileReference; lastKnownFileType = image.png; path = "slider-track@2x.png"; sourceTree = "<group>"; };
		0170F66619253C8600C8E329 /* centerIcon@2x.png */ = {isa = PBXFileReference; lastKnownFileType = image.png; path = "centerIcon@2x.png"; sourceTree = "<group>"; };
		0170F66719253C8600C8E329 /* UIScrollView+UzysCircularProgressPullToRefresh.h */ = {isa = PBXFileReference; fileEncoding = 4; lastKnownFileType = sourcecode.c.h; path = "UIScrollView+UzysCircularProgressPullToRefresh.h"; sourceTree = "<group>"; };
		0170F66819253C8600C8E329 /* UIScrollView+UzysCircularProgressPullToRefresh.m */ = {isa = PBXFileReference; fileEncoding = 4; lastKnownFileType = sourcecode.c.objc; path = "UIScrollView+UzysCircularProgressPullToRefresh.m"; sourceTree = "<group>"; };
		0170F66919253C8600C8E329 /* UzysRadialProgressActivityIndicator.h */ = {isa = PBXFileReference; fileEncoding = 4; lastKnownFileType = sourcecode.c.h; path = UzysRadialProgressActivityIndicator.h; sourceTree = "<group>"; };
		0170F66A19253C8600C8E329 /* UzysRadialProgressActivityIndicator.m */ = {isa = PBXFileReference; fileEncoding = 4; lastKnownFileType = sourcecode.c.objc; path = UzysRadialProgressActivityIndicator.m; sourceTree = "<group>"; };
		01A474271922AF4A00D5F226 /* AFHTTPRequestOperation.h */ = {isa = PBXFileReference; fileEncoding = 4; lastKnownFileType = sourcecode.c.h; path = AFHTTPRequestOperation.h; sourceTree = "<group>"; };
		01A474281922AF4A00D5F226 /* AFHTTPRequestOperation.m */ = {isa = PBXFileReference; fileEncoding = 4; lastKnownFileType = sourcecode.c.objc; path = AFHTTPRequestOperation.m; sourceTree = "<group>"; };
		01A474291922AF4A00D5F226 /* AFHTTPRequestOperationManager.h */ = {isa = PBXFileReference; fileEncoding = 4; lastKnownFileType = sourcecode.c.h; path = AFHTTPRequestOperationManager.h; sourceTree = "<group>"; };
		01A4742A1922AF4A00D5F226 /* AFHTTPRequestOperationManager.m */ = {isa = PBXFileReference; fileEncoding = 4; lastKnownFileType = sourcecode.c.objc; path = AFHTTPRequestOperationManager.m; sourceTree = "<group>"; };
		01A4742B1922AF4A00D5F226 /* AFHTTPSessionManager.h */ = {isa = PBXFileReference; fileEncoding = 4; lastKnownFileType = sourcecode.c.h; path = AFHTTPSessionManager.h; sourceTree = "<group>"; };
		01A4742C1922AF4A00D5F226 /* AFHTTPSessionManager.m */ = {isa = PBXFileReference; fileEncoding = 4; lastKnownFileType = sourcecode.c.objc; path = AFHTTPSessionManager.m; sourceTree = "<group>"; };
		01A4742D1922AF4A00D5F226 /* AFNetworking.h */ = {isa = PBXFileReference; fileEncoding = 4; lastKnownFileType = sourcecode.c.h; path = AFNetworking.h; sourceTree = "<group>"; };
		01A4742E1922AF4A00D5F226 /* AFNetworkReachabilityManager.h */ = {isa = PBXFileReference; fileEncoding = 4; lastKnownFileType = sourcecode.c.h; path = AFNetworkReachabilityManager.h; sourceTree = "<group>"; };
		01A4742F1922AF4A00D5F226 /* AFNetworkReachabilityManager.m */ = {isa = PBXFileReference; fileEncoding = 4; lastKnownFileType = sourcecode.c.objc; path = AFNetworkReachabilityManager.m; sourceTree = "<group>"; };
		01A474301922AF4A00D5F226 /* AFSecurityPolicy.h */ = {isa = PBXFileReference; fileEncoding = 4; lastKnownFileType = sourcecode.c.h; path = AFSecurityPolicy.h; sourceTree = "<group>"; };
		01A474311922AF4A00D5F226 /* AFSecurityPolicy.m */ = {isa = PBXFileReference; fileEncoding = 4; lastKnownFileType = sourcecode.c.objc; path = AFSecurityPolicy.m; sourceTree = "<group>"; };
		01A474321922AF4A00D5F226 /* AFURLConnectionOperation.h */ = {isa = PBXFileReference; fileEncoding = 4; lastKnownFileType = sourcecode.c.h; path = AFURLConnectionOperation.h; sourceTree = "<group>"; };
		01A474331922AF4A00D5F226 /* AFURLConnectionOperation.m */ = {isa = PBXFileReference; fileEncoding = 4; lastKnownFileType = sourcecode.c.objc; path = AFURLConnectionOperation.m; sourceTree = "<group>"; };
		01A474341922AF4A00D5F226 /* AFURLRequestSerialization.h */ = {isa = PBXFileReference; fileEncoding = 4; lastKnownFileType = sourcecode.c.h; path = AFURLRequestSerialization.h; sourceTree = "<group>"; };
		01A474351922AF4A00D5F226 /* AFURLRequestSerialization.m */ = {isa = PBXFileReference; fileEncoding = 4; lastKnownFileType = sourcecode.c.objc; path = AFURLRequestSerialization.m; sourceTree = "<group>"; };
		01A474361922AF4A00D5F226 /* AFURLResponseSerialization.h */ = {isa = PBXFileReference; fileEncoding = 4; lastKnownFileType = sourcecode.c.h; path = AFURLResponseSerialization.h; sourceTree = "<group>"; };
		01A474371922AF4A00D5F226 /* AFURLResponseSerialization.m */ = {isa = PBXFileReference; fileEncoding = 4; lastKnownFileType = sourcecode.c.objc; path = AFURLResponseSerialization.m; sourceTree = "<group>"; };
		01A474381922AF4A00D5F226 /* AFURLSessionManager.h */ = {isa = PBXFileReference; fileEncoding = 4; lastKnownFileType = sourcecode.c.h; path = AFURLSessionManager.h; sourceTree = "<group>"; };
		01A474391922AF4A00D5F226 /* AFURLSessionManager.m */ = {isa = PBXFileReference; fileEncoding = 4; lastKnownFileType = sourcecode.c.objc; path = AFURLSessionManager.m; sourceTree = "<group>"; };
		01A474431922B62800D5F226 /* TweetCollectionViewCell.h */ = {isa = PBXFileReference; fileEncoding = 4; lastKnownFileType = sourcecode.c.h; path = TweetCollectionViewCell.h; sourceTree = "<group>"; };
		01A474441922B62800D5F226 /* TweetCollectionViewCell.m */ = {isa = PBXFileReference; fileEncoding = 4; lastKnownFileType = sourcecode.c.objc; path = TweetCollectionViewCell.m; sourceTree = "<group>"; };
		01AFE5B8192BD27C005FC05B /* NSDateFormatter+STTwitter.h */ = {isa = PBXFileReference; fileEncoding = 4; lastKnownFileType = sourcecode.c.h; path = "NSDateFormatter+STTwitter.h"; sourceTree = "<group>"; };
		01AFE5B9192BD27C005FC05B /* NSDateFormatter+STTwitter.m */ = {isa = PBXFileReference; fileEncoding = 4; lastKnownFileType = sourcecode.c.objc; path = "NSDateFormatter+STTwitter.m"; sourceTree = "<group>"; };
		01AFE5BA192BD27C005FC05B /* NSError+STTwitter.h */ = {isa = PBXFileReference; fileEncoding = 4; lastKnownFileType = sourcecode.c.h; path = "NSError+STTwitter.h"; sourceTree = "<group>"; };
		01AFE5BB192BD27C005FC05B /* NSError+STTwitter.m */ = {isa = PBXFileReference; fileEncoding = 4; lastKnownFileType = sourcecode.c.objc; path = "NSError+STTwitter.m"; sourceTree = "<group>"; };
		01AFE5BC192BD27C005FC05B /* NSString+STTwitter.h */ = {isa = PBXFileReference; fileEncoding = 4; lastKnownFileType = sourcecode.c.h; path = "NSString+STTwitter.h"; sourceTree = "<group>"; };
		01AFE5BD192BD27C005FC05B /* NSString+STTwitter.m */ = {isa = PBXFileReference; fileEncoding = 4; lastKnownFileType = sourcecode.c.objc; path = "NSString+STTwitter.m"; sourceTree = "<group>"; };
		01AFE5BE192BD27C005FC05B /* STHTTPRequest+STTwitter.h */ = {isa = PBXFileReference; fileEncoding = 4; lastKnownFileType = sourcecode.c.h; path = "STHTTPRequest+STTwitter.h"; sourceTree = "<group>"; };
		01AFE5BF192BD27C005FC05B /* STHTTPRequest+STTwitter.m */ = {isa = PBXFileReference; fileEncoding = 4; lastKnownFileType = sourcecode.c.objc; path = "STHTTPRequest+STTwitter.m"; sourceTree = "<group>"; };
		01AFE5C0192BD27C005FC05B /* STTwitter.h */ = {isa = PBXFileReference; fileEncoding = 4; lastKnownFileType = sourcecode.c.h; path = STTwitter.h; sourceTree = "<group>"; };
		01AFE5C1192BD27C005FC05B /* STTwitterAPI.h */ = {isa = PBXFileReference; fileEncoding = 4; lastKnownFileType = sourcecode.c.h; path = STTwitterAPI.h; sourceTree = "<group>"; };
		01AFE5C2192BD27C005FC05B /* STTwitterAPI.m */ = {isa = PBXFileReference; fileEncoding = 4; lastKnownFileType = sourcecode.c.objc; path = STTwitterAPI.m; sourceTree = "<group>"; };
		01AFE5C3192BD27C005FC05B /* STTwitterAppOnly.h */ = {isa = PBXFileReference; fileEncoding = 4; lastKnownFileType = sourcecode.c.h; path = STTwitterAppOnly.h; sourceTree = "<group>"; };
		01AFE5C4192BD27C005FC05B /* STTwitterAppOnly.m */ = {isa = PBXFileReference; fileEncoding = 4; lastKnownFileType = sourcecode.c.objc; path = STTwitterAppOnly.m; sourceTree = "<group>"; };
		01AFE5C5192BD27C005FC05B /* STTwitterHTML.h */ = {isa = PBXFileReference; fileEncoding = 4; lastKnownFileType = sourcecode.c.h; path = STTwitterHTML.h; sourceTree = "<group>"; };
		01AFE5C6192BD27C005FC05B /* STTwitterHTML.m */ = {isa = PBXFileReference; fileEncoding = 4; lastKnownFileType = sourcecode.c.objc; path = STTwitterHTML.m; sourceTree = "<group>"; };
		01AFE5C7192BD27C005FC05B /* STTwitterOAuth.h */ = {isa = PBXFileReference; fileEncoding = 4; lastKnownFileType = sourcecode.c.h; path = STTwitterOAuth.h; sourceTree = "<group>"; };
		01AFE5C8192BD27C005FC05B /* STTwitterOAuth.m */ = {isa = PBXFileReference; fileEncoding = 4; lastKnownFileType = sourcecode.c.objc; path = STTwitterOAuth.m; sourceTree = "<group>"; };
		01AFE5C9192BD27C005FC05B /* STTwitterOS.h */ = {isa = PBXFileReference; fileEncoding = 4; lastKnownFileType = sourcecode.c.h; path = STTwitterOS.h; sourceTree = "<group>"; };
		01AFE5CA192BD27C005FC05B /* STTwitterOS.m */ = {isa = PBXFileReference; fileEncoding = 4; lastKnownFileType = sourcecode.c.objc; path = STTwitterOS.m; sourceTree = "<group>"; };
		01AFE5CB192BD27C005FC05B /* STTwitterOSRequest.h */ = {isa = PBXFileReference; fileEncoding = 4; lastKnownFileType = sourcecode.c.h; path = STTwitterOSRequest.h; sourceTree = "<group>"; };
		01AFE5CC192BD27C005FC05B /* STTwitterOSRequest.m */ = {isa = PBXFileReference; fileEncoding = 4; lastKnownFileType = sourcecode.c.objc; path = STTwitterOSRequest.m; sourceTree = "<group>"; };
		01AFE5CD192BD27C005FC05B /* STTwitterProtocol.h */ = {isa = PBXFileReference; fileEncoding = 4; lastKnownFileType = sourcecode.c.h; path = STTwitterProtocol.h; sourceTree = "<group>"; };
		01AFE5CF192BD27C005FC05B /* BAVPlistNode.h */ = {isa = PBXFileReference; fileEncoding = 4; lastKnownFileType = sourcecode.c.h; path = BAVPlistNode.h; sourceTree = "<group>"; };
		01AFE5D0192BD27C005FC05B /* BAVPlistNode.m */ = {isa = PBXFileReference; fileEncoding = 4; lastKnownFileType = sourcecode.c.objc; path = BAVPlistNode.m; sourceTree = "<group>"; };
		01AFE5D1192BD27C005FC05B /* JSONSyntaxHighlight.h */ = {isa = PBXFileReference; fileEncoding = 4; lastKnownFileType = sourcecode.c.h; path = JSONSyntaxHighlight.h; sourceTree = "<group>"; };
		01AFE5D2192BD27C005FC05B /* JSONSyntaxHighlight.m */ = {isa = PBXFileReference; fileEncoding = 4; lastKnownFileType = sourcecode.c.objc; path = JSONSyntaxHighlight.m; sourceTree = "<group>"; };
		01AFE5D3192BD27C005FC05B /* STHTTPRequest.h */ = {isa = PBXFileReference; fileEncoding = 4; lastKnownFileType = sourcecode.c.h; path = STHTTPRequest.h; sourceTree = "<group>"; };
		01AFE5D4192BD27C005FC05B /* STHTTPRequest.m */ = {isa = PBXFileReference; fileEncoding = 4; lastKnownFileType = sourcecode.c.objc; path = STHTTPRequest.m; sourceTree = "<group>"; };
		01AFE5E2192BD2B2005FC05B /* TwitterManager.h */ = {isa = PBXFileReference; fileEncoding = 4; lastKnownFileType = sourcecode.c.h; path = TwitterManager.h; sourceTree = "<group>"; };
		01AFE5E3192BD2B2005FC05B /* TwitterManager.m */ = {isa = PBXFileReference; fileEncoding = 4; lastKnownFileType = sourcecode.c.objc; path = TwitterManager.m; sourceTree = "<group>"; };
		01C4D819192541BE00206D1B /* TweetViewController.h */ = {isa = PBXFileReference; fileEncoding = 4; lastKnownFileType = sourcecode.c.h; path = TweetViewController.h; sourceTree = "<group>"; };
		01C4D81A192541BF00206D1B /* TweetViewController.m */ = {isa = PBXFileReference; fileEncoding = 4; lastKnownFileType = sourcecode.c.objc; path = TweetViewController.m; sourceTree = "<group>"; };
		01C4D81D192552EE00206D1B /* planet_xilium_logo.png */ = {isa = PBXFileReference; lastKnownFileType = image.png; path = planet_xilium_logo.png; sourceTree = "<group>"; };
		01C4D81F192556CD00206D1B /* TweetTableViewCell.h */ = {isa = PBXFileReference; fileEncoding = 4; lastKnownFileType = sourcecode.c.h; path = TweetTableViewCell.h; sourceTree = "<group>"; };
		01C4D820192556CD00206D1B /* TweetTableViewCell.m */ = {isa = PBXFileReference; fileEncoding = 4; lastKnownFileType = sourcecode.c.objc; path = TweetTableViewCell.m; sourceTree = "<group>"; };
		01C4D8281925806800206D1B /* xilium_head@2x.png */ = {isa = PBXFileReference; lastKnownFileType = image.png; path = "xilium_head@2x.png"; sourceTree = "<group>"; };
		01C4D82A1925806E00206D1B /* xilium_head.png */ = {isa = PBXFileReference; lastKnownFileType = image.png; path = xilium_head.png; sourceTree = "<group>"; };
		01C6A2291922DE88007E9E4F /* MKAnnotationView+WebCache.h */ = {isa = PBXFileReference; fileEncoding = 4; lastKnownFileType = sourcecode.c.h; path = "MKAnnotationView+WebCache.h"; sourceTree = "<group>"; };
		01C6A22A1922DE88007E9E4F /* MKAnnotationView+WebCache.m */ = {isa = PBXFileReference; fileEncoding = 4; lastKnownFileType = sourcecode.c.objc; path = "MKAnnotationView+WebCache.m"; sourceTree = "<group>"; };
		01C6A22B1922DE88007E9E4F /* SDImageCache.h */ = {isa = PBXFileReference; fileEncoding = 4; lastKnownFileType = sourcecode.c.h; path = SDImageCache.h; sourceTree = "<group>"; };
		01C6A22C1922DE88007E9E4F /* SDImageCache.m */ = {isa = PBXFileReference; fileEncoding = 4; lastKnownFileType = sourcecode.c.objc; path = SDImageCache.m; sourceTree = "<group>"; };
		01C6A22D1922DE88007E9E4F /* SDImageCacheDelegate.h */ = {isa = PBXFileReference; fileEncoding = 4; lastKnownFileType = sourcecode.c.h; path = SDImageCacheDelegate.h; sourceTree = "<group>"; };
		01C6A22E1922DE88007E9E4F /* SDWebImageCompat.h */ = {isa = PBXFileReference; fileEncoding = 4; lastKnownFileType = sourcecode.c.h; path = SDWebImageCompat.h; sourceTree = "<group>"; };
		01C6A22F1922DE88007E9E4F /* SDWebImageDecoder.h */ = {isa = PBXFileReference; fileEncoding = 4; lastKnownFileType = sourcecode.c.h; path = SDWebImageDecoder.h; sourceTree = "<group>"; };
		01C6A2301922DE88007E9E4F /* SDWebImageDecoder.m */ = {isa = PBXFileReference; fileEncoding = 4; lastKnownFileType = sourcecode.c.objc; path = SDWebImageDecoder.m; sourceTree = "<group>"; };
		01C6A2311922DE88007E9E4F /* SDWebImageDownloader.h */ = {isa = PBXFileReference; fileEncoding = 4; lastKnownFileType = sourcecode.c.h; path = SDWebImageDownloader.h; sourceTree = "<group>"; };
		01C6A2321922DE88007E9E4F /* SDWebImageDownloader.m */ = {isa = PBXFileReference; fileEncoding = 4; lastKnownFileType = sourcecode.c.objc; path = SDWebImageDownloader.m; sourceTree = "<group>"; };
		01C6A2331922DE88007E9E4F /* SDWebImageDownloaderDelegate.h */ = {isa = PBXFileReference; fileEncoding = 4; lastKnownFileType = sourcecode.c.h; path = SDWebImageDownloaderDelegate.h; sourceTree = "<group>"; };
		01C6A2341922DE88007E9E4F /* SDWebImageManager.h */ = {isa = PBXFileReference; fileEncoding = 4; lastKnownFileType = sourcecode.c.h; path = SDWebImageManager.h; sourceTree = "<group>"; };
		01C6A2351922DE88007E9E4F /* SDWebImageManager.m */ = {isa = PBXFileReference; fileEncoding = 4; lastKnownFileType = sourcecode.c.objc; path = SDWebImageManager.m; sourceTree = "<group>"; };
		01C6A2361922DE88007E9E4F /* SDWebImageManagerDelegate.h */ = {isa = PBXFileReference; fileEncoding = 4; lastKnownFileType = sourcecode.c.h; path = SDWebImageManagerDelegate.h; sourceTree = "<group>"; };
		01C6A2371922DE88007E9E4F /* SDWebImagePrefetcher.h */ = {isa = PBXFileReference; fileEncoding = 4; lastKnownFileType = sourcecode.c.h; path = SDWebImagePrefetcher.h; sourceTree = "<group>"; };
		01C6A2381922DE88007E9E4F /* SDWebImagePrefetcher.m */ = {isa = PBXFileReference; fileEncoding = 4; lastKnownFileType = sourcecode.c.objc; path = SDWebImagePrefetcher.m; sourceTree = "<group>"; };
		01C6A2391922DE88007E9E4F /* UIButton+WebCache.h */ = {isa = PBXFileReference; fileEncoding = 4; lastKnownFileType = sourcecode.c.h; path = "UIButton+WebCache.h"; sourceTree = "<group>"; };
		01C6A23A1922DE88007E9E4F /* UIButton+WebCache.m */ = {isa = PBXFileReference; fileEncoding = 4; lastKnownFileType = sourcecode.c.objc; path = "UIButton+WebCache.m"; sourceTree = "<group>"; };
		01C6A23B1922DE88007E9E4F /* UIImageView+WebCache.h */ = {isa = PBXFileReference; fileEncoding = 4; lastKnownFileType = sourcecode.c.h; path = "UIImageView+WebCache.h"; sourceTree = "<group>"; };
		01C6A23C1922DE88007E9E4F /* UIImageView+WebCache.m */ = {isa = PBXFileReference; fileEncoding = 4; lastKnownFileType = sourcecode.c.objc; path = "UIImageView+WebCache.m"; sourceTree = "<group>"; };
		01C6A2461922DF85007E9E4F /* UIImage+Alpha.h */ = {isa = PBXFileReference; fileEncoding = 4; lastKnownFileType = sourcecode.c.h; path = "UIImage+Alpha.h"; sourceTree = "<group>"; };
		01C6A2471922DF85007E9E4F /* UIImage+Alpha.m */ = {isa = PBXFileReference; fileEncoding = 4; lastKnownFileType = sourcecode.c.objc; path = "UIImage+Alpha.m"; sourceTree = "<group>"; };
		01C6A2481922DF85007E9E4F /* UIImage+Resize.h */ = {isa = PBXFileReference; fileEncoding = 4; lastKnownFileType = sourcecode.c.h; path = "UIImage+Resize.h"; sourceTree = "<group>"; };
		01C6A2491922DF85007E9E4F /* UIImage+Resize.m */ = {isa = PBXFileReference; fileEncoding = 4; lastKnownFileType = sourcecode.c.objc; path = "UIImage+Resize.m"; sourceTree = "<group>"; };
		01C6A24A1922DF85007E9E4F /* UIImage+RoundedCorner.h */ = {isa = PBXFileReference; fileEncoding = 4; lastKnownFileType = sourcecode.c.h; path = "UIImage+RoundedCorner.h"; sourceTree = "<group>"; };
		01C6A24B1922DF85007E9E4F /* UIImage+RoundedCorner.m */ = {isa = PBXFileReference; fileEncoding = 4; lastKnownFileType = sourcecode.c.objc; path = "UIImage+RoundedCorner.m"; sourceTree = "<group>"; };
		01C6A24C1922DF85007E9E4F /* UIImage+Scaling.h */ = {isa = PBXFileReference; fileEncoding = 4; lastKnownFileType = sourcecode.c.h; path = "UIImage+Scaling.h"; sourceTree = "<group>"; };
		01C6A24D1922DF85007E9E4F /* UIImage+Scaling.m */ = {isa = PBXFileReference; fileEncoding = 4; lastKnownFileType = sourcecode.c.objc; path = "UIImage+Scaling.m"; sourceTree = "<group>"; };
		C6085B4C192B040900BF0A11 /* rockbox_logo.png */ = {isa = PBXFileReference; lastKnownFileType = image.png; path = rockbox_logo.png; sourceTree = "<group>"; };
		C6085B4E192B067900BF0A11 /* Lobster.ttf */ = {isa = PBXFileReference; lastKnownFileType = file; path = Lobster.ttf; sourceTree = "<group>"; };
		C6085B50192B189A00BF0A11 /* arrow.png */ = {isa = PBXFileReference; lastKnownFileType = image.png; path = arrow.png; sourceTree = "<group>"; };
		C6085B51192B189A00BF0A11 /* arrow@2x.png */ = {isa = PBXFileReference; lastKnownFileType = image.png; path = "arrow@2x.png"; sourceTree = "<group>"; };
		C6A250E919135C6100A2DA8F /* PlanetXiliumRadio.app */ = {isa = PBXFileReference; explicitFileType = wrapper.application; includeInIndex = 0; path = PlanetXiliumRadio.app; sourceTree = BUILT_PRODUCTS_DIR; };
		C6A250EC19135C6100A2DA8F /* Foundation.framework */ = {isa = PBXFileReference; lastKnownFileType = wrapper.framework; name = Foundation.framework; path = System/Library/Frameworks/Foundation.framework; sourceTree = SDKROOT; };
		C6A250EE19135C6100A2DA8F /* CoreGraphics.framework */ = {isa = PBXFileReference; lastKnownFileType = wrapper.framework; name = CoreGraphics.framework; path = System/Library/Frameworks/CoreGraphics.framework; sourceTree = SDKROOT; };
		C6A250F019135C6100A2DA8F /* UIKit.framework */ = {isa = PBXFileReference; lastKnownFileType = wrapper.framework; name = UIKit.framework; path = System/Library/Frameworks/UIKit.framework; sourceTree = SDKROOT; };
		C6A250F419135C6100A2DA8F /* PlanetXiliumRadio-Info.plist */ = {isa = PBXFileReference; lastKnownFileType = text.plist.xml; path = "PlanetXiliumRadio-Info.plist"; sourceTree = "<group>"; };
		C6A250F619135C6100A2DA8F /* en */ = {isa = PBXFileReference; lastKnownFileType = text.plist.strings; name = en; path = en.lproj/InfoPlist.strings; sourceTree = "<group>"; };
		C6A250F819135C6100A2DA8F /* main.m */ = {isa = PBXFileReference; lastKnownFileType = sourcecode.c.objc; path = main.m; sourceTree = "<group>"; };
		C6A250FA19135C6100A2DA8F /* PlanetXiliumRadio-Prefix.pch */ = {isa = PBXFileReference; lastKnownFileType = sourcecode.c.h; path = "PlanetXiliumRadio-Prefix.pch"; sourceTree = "<group>"; };
		C6A250FB19135C6100A2DA8F /* AppDelegate.h */ = {isa = PBXFileReference; lastKnownFileType = sourcecode.c.h; path = AppDelegate.h; sourceTree = "<group>"; };
		C6A250FC19135C6100A2DA8F /* AppDelegate.m */ = {isa = PBXFileReference; lastKnownFileType = sourcecode.c.objc; path = AppDelegate.m; sourceTree = "<group>"; };
		C6A250FF19135C6100A2DA8F /* Base */ = {isa = PBXFileReference; lastKnownFileType = file.storyboard; name = Base; path = Base.lproj/Main.storyboard; sourceTree = "<group>"; };
		C6A2510119135C6100A2DA8F /* ViewController.h */ = {isa = PBXFileReference; lastKnownFileType = sourcecode.c.h; path = ViewController.h; sourceTree = "<group>"; };
		C6A2510219135C6100A2DA8F /* ViewController.m */ = {isa = PBXFileReference; lastKnownFileType = sourcecode.c.objc; path = ViewController.m; sourceTree = "<group>"; };
		C6A2510419135C6100A2DA8F /* Images.xcassets */ = {isa = PBXFileReference; lastKnownFileType = folder.assetcatalog; path = Images.xcassets; sourceTree = "<group>"; };
		C6A2510A19135C6100A2DA8F /* PlanetXiliumRadioTests.xctest */ = {isa = PBXFileReference; explicitFileType = wrapper.cfbundle; includeInIndex = 0; path = PlanetXiliumRadioTests.xctest; sourceTree = BUILT_PRODUCTS_DIR; };
		C6A2510B19135C6100A2DA8F /* XCTest.framework */ = {isa = PBXFileReference; lastKnownFileType = wrapper.framework; name = XCTest.framework; path = Library/Frameworks/XCTest.framework; sourceTree = DEVELOPER_DIR; };
		C6A2511319135C6100A2DA8F /* PlanetXiliumRadioTests-Info.plist */ = {isa = PBXFileReference; lastKnownFileType = text.plist.xml; path = "PlanetXiliumRadioTests-Info.plist"; sourceTree = "<group>"; };
		C6A2511519135C6100A2DA8F /* en */ = {isa = PBXFileReference; lastKnownFileType = text.plist.strings; name = en; path = en.lproj/InfoPlist.strings; sourceTree = "<group>"; };
		C6A2511719135C6100A2DA8F /* PlanetXiliumRadioTests.m */ = {isa = PBXFileReference; lastKnownFileType = sourcecode.c.objc; path = PlanetXiliumRadioTests.m; sourceTree = "<group>"; };
		C6A2512119135C8D00A2DA8F /* CFNetwork.framework */ = {isa = PBXFileReference; lastKnownFileType = wrapper.framework; name = CFNetwork.framework; path = System/Library/Frameworks/CFNetwork.framework; sourceTree = SDKROOT; };
		C6A2512319135CA100A2DA8F /* AudioToolbox.framework */ = {isa = PBXFileReference; lastKnownFileType = wrapper.framework; name = AudioToolbox.framework; path = System/Library/Frameworks/AudioToolbox.framework; sourceTree = SDKROOT; };
		C6A2512519135CA900A2DA8F /* AVFoundation.framework */ = {isa = PBXFileReference; lastKnownFileType = wrapper.framework; name = AVFoundation.framework; path = System/Library/Frameworks/AVFoundation.framework; sourceTree = SDKROOT; };
		C6A2512719135CB400A2DA8F /* libxml2.dylib */ = {isa = PBXFileReference; lastKnownFileType = "compiled.mach-o.dylib"; name = libxml2.dylib; path = usr/lib/libxml2.dylib; sourceTree = SDKROOT; };
		C6A2512919135CC300A2DA8F /* MediaPlayer.framework */ = {isa = PBXFileReference; lastKnownFileType = wrapper.framework; name = MediaPlayer.framework; path = System/Library/Frameworks/MediaPlayer.framework; sourceTree = SDKROOT; };
		C6A2512E19135D3800A2DA8F /* audio_queue.cpp */ = {isa = PBXFileReference; fileEncoding = 4; lastKnownFileType = sourcecode.cpp.cpp; path = audio_queue.cpp; sourceTree = "<group>"; };
		C6A2512F19135D3800A2DA8F /* audio_queue.h */ = {isa = PBXFileReference; fileEncoding = 4; lastKnownFileType = sourcecode.c.h; path = audio_queue.h; sourceTree = "<group>"; };
		C6A2513019135D3800A2DA8F /* audio_stream.cpp */ = {isa = PBXFileReference; fileEncoding = 4; lastKnownFileType = sourcecode.cpp.cpp; path = audio_stream.cpp; sourceTree = "<group>"; };
		C6A2513119135D3800A2DA8F /* audio_stream.h */ = {isa = PBXFileReference; fileEncoding = 4; lastKnownFileType = sourcecode.c.h; path = audio_stream.h; sourceTree = "<group>"; };
		C6A2513219135D3800A2DA8F /* file_output.cpp */ = {isa = PBXFileReference; fileEncoding = 4; lastKnownFileType = sourcecode.cpp.cpp; path = file_output.cpp; sourceTree = "<group>"; };
		C6A2513319135D3800A2DA8F /* file_output.h */ = {isa = PBXFileReference; fileEncoding = 4; lastKnownFileType = sourcecode.c.h; path = file_output.h; sourceTree = "<group>"; };
		C6A2513419135D3800A2DA8F /* http_stream.cpp */ = {isa = PBXFileReference; fileEncoding = 4; lastKnownFileType = sourcecode.cpp.cpp; path = http_stream.cpp; sourceTree = "<group>"; };
		C6A2513519135D3800A2DA8F /* http_stream.h */ = {isa = PBXFileReference; fileEncoding = 4; lastKnownFileType = sourcecode.c.h; path = http_stream.h; sourceTree = "<group>"; };
		C6A2513619135D3800A2DA8F /* id3_parser.cpp */ = {isa = PBXFileReference; fileEncoding = 4; lastKnownFileType = sourcecode.cpp.cpp; path = id3_parser.cpp; sourceTree = "<group>"; };
		C6A2513719135D3800A2DA8F /* id3_parser.h */ = {isa = PBXFileReference; fileEncoding = 4; lastKnownFileType = sourcecode.c.h; path = id3_parser.h; sourceTree = "<group>"; };
		C6A2513819135D3800A2DA8F /* stream_configuration.cpp */ = {isa = PBXFileReference; fileEncoding = 4; lastKnownFileType = sourcecode.cpp.cpp; path = stream_configuration.cpp; sourceTree = "<group>"; };
		C6A2513919135D3800A2DA8F /* stream_configuration.h */ = {isa = PBXFileReference; fileEncoding = 4; lastKnownFileType = sourcecode.c.h; path = stream_configuration.h; sourceTree = "<group>"; };
		C6A2514119135D4100A2DA8F /* FSAudioController.h */ = {isa = PBXFileReference; fileEncoding = 4; lastKnownFileType = sourcecode.c.h; path = FSAudioController.h; sourceTree = "<group>"; };
		C6A2514219135D4100A2DA8F /* FSAudioController.m */ = {isa = PBXFileReference; fileEncoding = 4; lastKnownFileType = sourcecode.c.objc; path = FSAudioController.m; sourceTree = "<group>"; };
		C6A2514319135D4100A2DA8F /* FSAudioStream.h */ = {isa = PBXFileReference; fileEncoding = 4; lastKnownFileType = sourcecode.c.h; path = FSAudioStream.h; sourceTree = "<group>"; };
		C6A2514419135D4100A2DA8F /* FSAudioStream.mm */ = {isa = PBXFileReference; fileEncoding = 4; lastKnownFileType = sourcecode.cpp.objcpp; path = FSAudioStream.mm; sourceTree = "<group>"; };
		C6A2514519135D4100A2DA8F /* FSCheckContentTypeRequest.h */ = {isa = PBXFileReference; fileEncoding = 4; lastKnownFileType = sourcecode.c.h; path = FSCheckContentTypeRequest.h; sourceTree = "<group>"; };
		C6A2514619135D4100A2DA8F /* FSCheckContentTypeRequest.m */ = {isa = PBXFileReference; fileEncoding = 4; lastKnownFileType = sourcecode.c.objc; path = FSCheckContentTypeRequest.m; sourceTree = "<group>"; };
		C6A2514719135D4100A2DA8F /* FSParsePlaylistRequest.h */ = {isa = PBXFileReference; fileEncoding = 4; lastKnownFileType = sourcecode.c.h; path = FSParsePlaylistRequest.h; sourceTree = "<group>"; };
		C6A2514819135D4100A2DA8F /* FSParsePlaylistRequest.m */ = {isa = PBXFileReference; fileEncoding = 4; lastKnownFileType = sourcecode.c.objc; path = FSParsePlaylistRequest.m; sourceTree = "<group>"; };
		C6A2514919135D4100A2DA8F /* FSParseRssPodcastFeedRequest.h */ = {isa = PBXFileReference; fileEncoding = 4; lastKnownFileType = sourcecode.c.h; path = FSParseRssPodcastFeedRequest.h; sourceTree = "<group>"; };
		C6A2514A19135D4100A2DA8F /* FSParseRssPodcastFeedRequest.m */ = {isa = PBXFileReference; fileEncoding = 4; lastKnownFileType = sourcecode.c.objc; path = FSParseRssPodcastFeedRequest.m; sourceTree = "<group>"; };
		C6A2514B19135D4100A2DA8F /* FSPlaylistItem.h */ = {isa = PBXFileReference; fileEncoding = 4; lastKnownFileType = sourcecode.c.h; path = FSPlaylistItem.h; sourceTree = "<group>"; };
		C6A2514C19135D4100A2DA8F /* FSPlaylistItem.m */ = {isa = PBXFileReference; fileEncoding = 4; lastKnownFileType = sourcecode.c.objc; path = FSPlaylistItem.m; sourceTree = "<group>"; };
		C6A2514D19135D4100A2DA8F /* FSXMLHttpRequest.h */ = {isa = PBXFileReference; fileEncoding = 4; lastKnownFileType = sourcecode.c.h; path = FSXMLHttpRequest.h; sourceTree = "<group>"; };
		C6A2514E19135D4100A2DA8F /* FSXMLHttpRequest.m */ = {isa = PBXFileReference; fileEncoding = 4; lastKnownFileType = sourcecode.c.objc; path = FSXMLHttpRequest.m; sourceTree = "<group>"; };
		C6A2514F19135D4100A2DA8F /* Reachability.h */ = {isa = PBXFileReference; fileEncoding = 4; lastKnownFileType = sourcecode.c.h; path = Reachability.h; sourceTree = "<group>"; };
		C6A2515019135D4100A2DA8F /* Reachability.m */ = {isa = PBXFileReference; fileEncoding = 4; lastKnownFileType = sourcecode.c.objc; path = Reachability.m; sourceTree = "<group>"; };
		C6A2515C191373BC00A2DA8F /* Dosis-Bold.otf */ = {isa = PBXFileReference; lastKnownFileType = file; path = "Dosis-Bold.otf"; sourceTree = "<group>"; };
		C6A2515D191373BC00A2DA8F /* Dosis-ExtraBold.otf */ = {isa = PBXFileReference; lastKnownFileType = file; path = "Dosis-ExtraBold.otf"; sourceTree = "<group>"; };
		C6A2515E191373BC00A2DA8F /* Dosis-ExtraLight.otf */ = {isa = PBXFileReference; lastKnownFileType = file; path = "Dosis-ExtraLight.otf"; sourceTree = "<group>"; };
		C6A2515F191373BC00A2DA8F /* Dosis-Light.otf */ = {isa = PBXFileReference; lastKnownFileType = file; path = "Dosis-Light.otf"; sourceTree = "<group>"; };
		C6A25160191373BC00A2DA8F /* Dosis-Medium.otf */ = {isa = PBXFileReference; lastKnownFileType = file; path = "Dosis-Medium.otf"; sourceTree = "<group>"; };
		C6A25161191373BC00A2DA8F /* Dosis-Regular.otf */ = {isa = PBXFileReference; lastKnownFileType = file; path = "Dosis-Regular.otf"; sourceTree = "<group>"; };
		C6A25162191373BC00A2DA8F /* Dosis-SemiBold.otf */ = {isa = PBXFileReference; lastKnownFileType = file; path = "Dosis-SemiBold.otf"; sourceTree = "<group>"; };
		C6A2516A191374B700A2DA8F /* circle_image.png */ = {isa = PBXFileReference; lastKnownFileType = image.png; path = circle_image.png; sourceTree = "<group>"; };
		C6A2516B191374B700A2DA8F /* circle_image@2x.png */ = {isa = PBXFileReference; lastKnownFileType = image.png; path = "circle_image@2x.png"; sourceTree = "<group>"; };
		C6A2516C191374B700A2DA8F /* main_background.png */ = {isa = PBXFileReference; lastKnownFileType = image.png; path = main_background.png; sourceTree = "<group>"; };
		C6A2516D191374B700A2DA8F /* main_background@2x.png */ = {isa = PBXFileReference; lastKnownFileType = image.png; path = "main_background@2x.png"; sourceTree = "<group>"; };
		C6A2516E191374B700A2DA8F /* menu_button.png */ = {isa = PBXFileReference; lastKnownFileType = image.png; path = menu_button.png; sourceTree = "<group>"; };
		C6A2516F191374B700A2DA8F /* menu_button@2x.png */ = {isa = PBXFileReference; lastKnownFileType = image.png; path = "menu_button@2x.png"; sourceTree = "<group>"; };
		C6A25170191374B700A2DA8F /* next_button.png */ = {isa = PBXFileReference; lastKnownFileType = image.png; path = next_button.png; sourceTree = "<group>"; };
		C6A25171191374B700A2DA8F /* next_button@2x.png */ = {isa = PBXFileReference; lastKnownFileType = image.png; path = "next_button@2x.png"; sourceTree = "<group>"; };
		C6A25172191374B700A2DA8F /* previous_button.png */ = {isa = PBXFileReference; lastKnownFileType = image.png; path = previous_button.png; sourceTree = "<group>"; };
		C6A25173191374B700A2DA8F /* previous_button@2x.png */ = {isa = PBXFileReference; lastKnownFileType = image.png; path = "previous_button@2x.png"; sourceTree = "<group>"; };
		C6A25174191374B700A2DA8F /* share_button.png */ = {isa = PBXFileReference; lastKnownFileType = image.png; path = share_button.png; sourceTree = "<group>"; };
		C6A25175191374B700A2DA8F /* share_button@2x.png */ = {isa = PBXFileReference; lastKnownFileType = image.png; path = "share_button@2x.png"; sourceTree = "<group>"; };
		C6A25176191374B700A2DA8F /* sound_image_background.png */ = {isa = PBXFileReference; lastKnownFileType = image.png; path = sound_image_background.png; sourceTree = "<group>"; };
		C6A25177191374B700A2DA8F /* sound_image_background@2x.png */ = {isa = PBXFileReference; lastKnownFileType = image.png; path = "sound_image_background@2x.png"; sourceTree = "<group>"; };
		C6A2518A1913750100A2DA8F /* MainViewController.h */ = {isa = PBXFileReference; fileEncoding = 4; lastKnownFileType = sourcecode.c.h; path = MainViewController.h; sourceTree = "<group>"; };
		C6A2518B1913750100A2DA8F /* MainViewController.m */ = {isa = PBXFileReference; fileEncoding = 4; lastKnownFileType = sourcecode.c.objc; path = MainViewController.m; sourceTree = "<group>"; };
		C6A2518D19137D2100A2DA8F /* pause_button.png */ = {isa = PBXFileReference; lastKnownFileType = image.png; path = pause_button.png; sourceTree = "<group>"; };
		C6A2518E19137D2100A2DA8F /* pause_button@2x.png */ = {isa = PBXFileReference; lastKnownFileType = image.png; path = "pause_button@2x.png"; sourceTree = "<group>"; };
		C6A2518F19137D2100A2DA8F /* play_button.png */ = {isa = PBXFileReference; lastKnownFileType = image.png; path = play_button.png; sourceTree = "<group>"; };
		C6A2519019137D2100A2DA8F /* play_button@2x.png */ = {isa = PBXFileReference; lastKnownFileType = image.png; path = "play_button@2x.png"; sourceTree = "<group>"; };
		C6A2519619137E3C00A2DA8F /* Main.h */ = {isa = PBXFileReference; lastKnownFileType = sourcecode.c.h; path = Main.h; sourceTree = "<group>"; };
		C6F6469B19246E2100FEA5AD /* container_background.png */ = {isa = PBXFileReference; lastKnownFileType = image.png; path = container_background.png; sourceTree = "<group>"; };
		C6F6469C19246E2100FEA5AD /* container_background@2x.png */ = {isa = PBXFileReference; lastKnownFileType = image.png; path = "container_background@2x.png"; sourceTree = "<group>"; };
		C6F6469F19246F4D00FEA5AD /* typenoksidi.ttf */ = {isa = PBXFileReference; lastKnownFileType = file; path = typenoksidi.ttf; sourceTree = "<group>"; };
		C6F646A119247DB400FEA5AD /* empty_avatar@2x.png */ = {isa = PBXFileReference; lastKnownFileType = image.png; path = "empty_avatar@2x.png"; sourceTree = "<group>"; };
		C6F646A219247DB400FEA5AD /* empty_avatar.png */ = {isa = PBXFileReference; lastKnownFileType = image.png; path = empty_avatar.png; sourceTree = "<group>"; };
/* End PBXFileReference section */

/* Begin PBXFrameworksBuildPhase section */
		C6A250E619135C6100A2DA8F /* Frameworks */ = {
			isa = PBXFrameworksBuildPhase;
			buildActionMask = 2147483647;
			files = (
				014167A7192E9E140018631E /* Accounts.framework in Frameworks */,
				014167A5192E9DFE0018631E /* Twitter.framework in Frameworks */,
				C6A2512A19135CC300A2DA8F /* MediaPlayer.framework in Frameworks */,
				C6A2512819135CB400A2DA8F /* libxml2.dylib in Frameworks */,
				C6A2512619135CA900A2DA8F /* AVFoundation.framework in Frameworks */,
				C6A2512419135CA100A2DA8F /* AudioToolbox.framework in Frameworks */,
				C6A2512219135C8D00A2DA8F /* CFNetwork.framework in Frameworks */,
				C6A250EF19135C6100A2DA8F /* CoreGraphics.framework in Frameworks */,
				C6A250F119135C6100A2DA8F /* UIKit.framework in Frameworks */,
				C6A250ED19135C6100A2DA8F /* Foundation.framework in Frameworks */,
			);
			runOnlyForDeploymentPostprocessing = 0;
		};
		C6A2510719135C6100A2DA8F /* Frameworks */ = {
			isa = PBXFrameworksBuildPhase;
			buildActionMask = 2147483647;
			files = (
				C6A2510C19135C6100A2DA8F /* XCTest.framework in Frameworks */,
				C6A2510E19135C6100A2DA8F /* UIKit.framework in Frameworks */,
				C6A2510D19135C6100A2DA8F /* Foundation.framework in Frameworks */,
			);
			runOnlyForDeploymentPostprocessing = 0;
		};
/* End PBXFrameworksBuildPhase section */

/* Begin PBXGroup section */
		0151E81A1923F30400654374 /* Images Xilium */ = {
			isa = PBXGroup;
			children = (
				01C4D82A1925806E00206D1B /* xilium_head.png */,
				01C4D8281925806800206D1B /* xilium_head@2x.png */,
				01C4D81D192552EE00206D1B /* planet_xilium_logo.png */,
				C6F646A119247DB400FEA5AD /* empty_avatar@2x.png */,
				C6F646A219247DB400FEA5AD /* empty_avatar.png */,
				C6F6469B19246E2100FEA5AD /* container_background.png */,
				C6F6469C19246E2100FEA5AD /* container_background@2x.png */,
				0151E8351924326F00654374 /* slider-cap.png */,
				0151E8361924326F00654374 /* slider-cap@2x.png */,
				0151E8371924326F00654374 /* slider-track-fill.png */,
				0151E8381924326F00654374 /* slider-track-fill@2x.png */,
				0151E8391924326F00654374 /* slider-track.png */,
				0151E83A1924326F00654374 /* slider-track@2x.png */,
				0151E81B1923F30400654374 /* button_background.png */,
				0151E81C1923F30400654374 /* button_background@2x.png */,
				0151E81D1923F30400654374 /* Default-568h@2x.png */,
				0151E81E1923F30400654374 /* Default.png */,
				0151E81F1923F30400654374 /* Default@2x.png */,
				0151E8201923F30400654374 /* home_background_640_1136.png */,
				0151E8211923F30400654374 /* home_background_640_960.png */,
				0151E8221923F30400654374 /* home_background_640_960@2x.png */,
				0151E8231923F30400654374 /* radio_pause_button.png */,
				0151E8241923F30400654374 /* radio_pause_button@2x.png */,
				0151E8251923F30400654374 /* radio_play_button.png */,
				0151E8261923F30400654374 /* radio_play_button@2x.png */,
			);
			path = "Images Xilium";
			sourceTree = "<group>";
		};
		0170F66519253C8600C8E329 /* Library */ = {
			isa = PBXGroup;
			children = (
				01AFE5B7192BD27C005FC05B /* STTwitter */,
				0170F66619253C8600C8E329 /* centerIcon@2x.png */,
				0170F66719253C8600C8E329 /* UIScrollView+UzysCircularProgressPullToRefresh.h */,
				0170F66819253C8600C8E329 /* UIScrollView+UzysCircularProgressPullToRefresh.m */,
				0170F66919253C8600C8E329 /* UzysRadialProgressActivityIndicator.h */,
				0170F66A19253C8600C8E329 /* UzysRadialProgressActivityIndicator.m */,
			);
			path = Library;
			sourceTree = "<group>";
		};
		01A474261922AF4A00D5F226 /* AFNetworking */ = {
			isa = PBXGroup;
			children = (
				01A474271922AF4A00D5F226 /* AFHTTPRequestOperation.h */,
				01A474281922AF4A00D5F226 /* AFHTTPRequestOperation.m */,
				01A474291922AF4A00D5F226 /* AFHTTPRequestOperationManager.h */,
				01A4742A1922AF4A00D5F226 /* AFHTTPRequestOperationManager.m */,
				01A4742B1922AF4A00D5F226 /* AFHTTPSessionManager.h */,
				01A4742C1922AF4A00D5F226 /* AFHTTPSessionManager.m */,
				01A4742D1922AF4A00D5F226 /* AFNetworking.h */,
				01A4742E1922AF4A00D5F226 /* AFNetworkReachabilityManager.h */,
				01A4742F1922AF4A00D5F226 /* AFNetworkReachabilityManager.m */,
				01A474301922AF4A00D5F226 /* AFSecurityPolicy.h */,
				01A474311922AF4A00D5F226 /* AFSecurityPolicy.m */,
				01A474321922AF4A00D5F226 /* AFURLConnectionOperation.h */,
				01A474331922AF4A00D5F226 /* AFURLConnectionOperation.m */,
				01A474341922AF4A00D5F226 /* AFURLRequestSerialization.h */,
				01A474351922AF4A00D5F226 /* AFURLRequestSerialization.m */,
				01A474361922AF4A00D5F226 /* AFURLResponseSerialization.h */,
				01A474371922AF4A00D5F226 /* AFURLResponseSerialization.m */,
				01A474381922AF4A00D5F226 /* AFURLSessionManager.h */,
				01A474391922AF4A00D5F226 /* AFURLSessionManager.m */,
			);
			path = AFNetworking;
			sourceTree = "<group>";
		};
		01AFE5B7192BD27C005FC05B /* STTwitter */ = {
			isa = PBXGroup;
			children = (
				01AFE5B8192BD27C005FC05B /* NSDateFormatter+STTwitter.h */,
				01AFE5B9192BD27C005FC05B /* NSDateFormatter+STTwitter.m */,
				01AFE5BA192BD27C005FC05B /* NSError+STTwitter.h */,
				01AFE5BB192BD27C005FC05B /* NSError+STTwitter.m */,
				01AFE5BC192BD27C005FC05B /* NSString+STTwitter.h */,
				01AFE5BD192BD27C005FC05B /* NSString+STTwitter.m */,
				01AFE5BE192BD27C005FC05B /* STHTTPRequest+STTwitter.h */,
				01AFE5BF192BD27C005FC05B /* STHTTPRequest+STTwitter.m */,
				01AFE5C0192BD27C005FC05B /* STTwitter.h */,
				01AFE5C1192BD27C005FC05B /* STTwitterAPI.h */,
				01AFE5C2192BD27C005FC05B /* STTwitterAPI.m */,
				01AFE5C3192BD27C005FC05B /* STTwitterAppOnly.h */,
				01AFE5C4192BD27C005FC05B /* STTwitterAppOnly.m */,
				01AFE5C5192BD27C005FC05B /* STTwitterHTML.h */,
				01AFE5C6192BD27C005FC05B /* STTwitterHTML.m */,
				01AFE5C7192BD27C005FC05B /* STTwitterOAuth.h */,
				01AFE5C8192BD27C005FC05B /* STTwitterOAuth.m */,
				01AFE5C9192BD27C005FC05B /* STTwitterOS.h */,
				01AFE5CA192BD27C005FC05B /* STTwitterOS.m */,
				01AFE5CB192BD27C005FC05B /* STTwitterOSRequest.h */,
				01AFE5CC192BD27C005FC05B /* STTwitterOSRequest.m */,
				01AFE5CD192BD27C005FC05B /* STTwitterProtocol.h */,
				01AFE5CE192BD27C005FC05B /* Vendor */,
			);
			path = STTwitter;
			sourceTree = "<group>";
		};
		01AFE5CE192BD27C005FC05B /* Vendor */ = {
			isa = PBXGroup;
			children = (
				01AFE5CF192BD27C005FC05B /* BAVPlistNode.h */,
				01AFE5D0192BD27C005FC05B /* BAVPlistNode.m */,
				01AFE5D1192BD27C005FC05B /* JSONSyntaxHighlight.h */,
				01AFE5D2192BD27C005FC05B /* JSONSyntaxHighlight.m */,
				01AFE5D3192BD27C005FC05B /* STHTTPRequest.h */,
				01AFE5D4192BD27C005FC05B /* STHTTPRequest.m */,
			);
			path = Vendor;
			sourceTree = "<group>";
		};
		01C4D81C1925447A00206D1B /* Cells */ = {
			isa = PBXGroup;
			children = (
				01A474431922B62800D5F226 /* TweetCollectionViewCell.h */,
				01A474441922B62800D5F226 /* TweetCollectionViewCell.m */,
				01C4D81F192556CD00206D1B /* TweetTableViewCell.h */,
				01C4D820192556CD00206D1B /* TweetTableViewCell.m */,
			);
			name = Cells;
			sourceTree = "<group>";
		};
		01C6A2281922DE88007E9E4F /* SDWebImage */ = {
			isa = PBXGroup;
			children = (
				01C6A2291922DE88007E9E4F /* MKAnnotationView+WebCache.h */,
				01C6A22A1922DE88007E9E4F /* MKAnnotationView+WebCache.m */,
				01C6A22B1922DE88007E9E4F /* SDImageCache.h */,
				01C6A22C1922DE88007E9E4F /* SDImageCache.m */,
				01C6A22D1922DE88007E9E4F /* SDImageCacheDelegate.h */,
				01C6A22E1922DE88007E9E4F /* SDWebImageCompat.h */,
				01C6A22F1922DE88007E9E4F /* SDWebImageDecoder.h */,
				01C6A2301922DE88007E9E4F /* SDWebImageDecoder.m */,
				01C6A2311922DE88007E9E4F /* SDWebImageDownloader.h */,
				01C6A2321922DE88007E9E4F /* SDWebImageDownloader.m */,
				01C6A2331922DE88007E9E4F /* SDWebImageDownloaderDelegate.h */,
				01C6A2341922DE88007E9E4F /* SDWebImageManager.h */,
				01C6A2351922DE88007E9E4F /* SDWebImageManager.m */,
				01C6A2361922DE88007E9E4F /* SDWebImageManagerDelegate.h */,
				01C6A2371922DE88007E9E4F /* SDWebImagePrefetcher.h */,
				01C6A2381922DE88007E9E4F /* SDWebImagePrefetcher.m */,
				01C6A2391922DE88007E9E4F /* UIButton+WebCache.h */,
				01C6A23A1922DE88007E9E4F /* UIButton+WebCache.m */,
				01C6A23B1922DE88007E9E4F /* UIImageView+WebCache.h */,
				01C6A23C1922DE88007E9E4F /* UIImageView+WebCache.m */,
			);
			path = SDWebImage;
			sourceTree = "<group>";
		};
		01C6A2451922DF85007E9E4F /* UIImage+Resize */ = {
			isa = PBXGroup;
			children = (
				01C6A2461922DF85007E9E4F /* UIImage+Alpha.h */,
				01C6A2471922DF85007E9E4F /* UIImage+Alpha.m */,
				01C6A2481922DF85007E9E4F /* UIImage+Resize.h */,
				01C6A2491922DF85007E9E4F /* UIImage+Resize.m */,
				01C6A24A1922DF85007E9E4F /* UIImage+RoundedCorner.h */,
				01C6A24B1922DF85007E9E4F /* UIImage+RoundedCorner.m */,
				01C6A24C1922DF85007E9E4F /* UIImage+Scaling.h */,
				01C6A24D1922DF85007E9E4F /* UIImage+Scaling.m */,
			);
			path = "UIImage+Resize";
			sourceTree = "<group>";
		};
		C6A250E019135C6100A2DA8F = {
			isa = PBXGroup;
			children = (
				C6A250F219135C6100A2DA8F /* PlanetXiliumRadio */,
				C6A2511119135C6100A2DA8F /* PlanetXiliumRadioTests */,
				C6A250EB19135C6100A2DA8F /* Frameworks */,
				C6A250EA19135C6100A2DA8F /* Products */,
			);
			sourceTree = "<group>";
		};
		C6A250EA19135C6100A2DA8F /* Products */ = {
			isa = PBXGroup;
			children = (
				C6A250E919135C6100A2DA8F /* PlanetXiliumRadio.app */,
				C6A2510A19135C6100A2DA8F /* PlanetXiliumRadioTests.xctest */,
			);
			name = Products;
			sourceTree = "<group>";
		};
		C6A250EB19135C6100A2DA8F /* Frameworks */ = {
			isa = PBXGroup;
			children = (
				014167A6192E9E140018631E /* Accounts.framework */,
				014167A4192E9DFE0018631E /* Twitter.framework */,
				C6A2512919135CC300A2DA8F /* MediaPlayer.framework */,
				C6A2512519135CA900A2DA8F /* AVFoundation.framework */,
				C6A2512319135CA100A2DA8F /* AudioToolbox.framework */,
				C6A2512119135C8D00A2DA8F /* CFNetwork.framework */,
				C6A2512719135CB400A2DA8F /* libxml2.dylib */,
				C6A250EC19135C6100A2DA8F /* Foundation.framework */,
				C6A250EE19135C6100A2DA8F /* CoreGraphics.framework */,
				C6A250F019135C6100A2DA8F /* UIKit.framework */,
				C6A2510B19135C6100A2DA8F /* XCTest.framework */,
			);
			name = Frameworks;
			sourceTree = "<group>";
		};
		C6A250F219135C6100A2DA8F /* PlanetXiliumRadio */ = {
			isa = PBXGroup;
			children = (
				01C4D81C1925447A00206D1B /* Cells */,
				0170F66519253C8600C8E329 /* Library */,
				C6A2519519137DB900A2DA8F /* Classes */,
				C6A25189191374E400A2DA8F /* Controllers */,
				C6A251591913737C00A2DA8F /* Resources */,
				C6A2512B19135CE300A2DA8F /* External */,
				C6A250FB19135C6100A2DA8F /* AppDelegate.h */,
				C6A250FC19135C6100A2DA8F /* AppDelegate.m */,
				C6A250FE19135C6100A2DA8F /* Main.storyboard */,
				C6A2510119135C6100A2DA8F /* ViewController.h */,
				C6A2510219135C6100A2DA8F /* ViewController.m */,
				C6A2510419135C6100A2DA8F /* Images.xcassets */,
				C6A250F319135C6100A2DA8F /* Supporting Files */,
			);
			path = PlanetXiliumRadio;
			sourceTree = "<group>";
		};
		C6A250F319135C6100A2DA8F /* Supporting Files */ = {
			isa = PBXGroup;
			children = (
				C6A250F419135C6100A2DA8F /* PlanetXiliumRadio-Info.plist */,
				C6A250F519135C6100A2DA8F /* InfoPlist.strings */,
				C6A250F819135C6100A2DA8F /* main.m */,
				C6A250FA19135C6100A2DA8F /* PlanetXiliumRadio-Prefix.pch */,
			);
			name = "Supporting Files";
			sourceTree = "<group>";
		};
		C6A2511119135C6100A2DA8F /* PlanetXiliumRadioTests */ = {
			isa = PBXGroup;
			children = (
				C6A2511719135C6100A2DA8F /* PlanetXiliumRadioTests.m */,
				C6A2511219135C6100A2DA8F /* Supporting Files */,
			);
			path = PlanetXiliumRadioTests;
			sourceTree = "<group>";
		};
		C6A2511219135C6100A2DA8F /* Supporting Files */ = {
			isa = PBXGroup;
			children = (
				C6A2511319135C6100A2DA8F /* PlanetXiliumRadioTests-Info.plist */,
				C6A2511419135C6100A2DA8F /* InfoPlist.strings */,
			);
			name = "Supporting Files";
			sourceTree = "<group>";
		};
		C6A2512B19135CE300A2DA8F /* External */ = {
			isa = PBXGroup;
			children = (
				01C6A2451922DF85007E9E4F /* UIImage+Resize */,
				01C6A2281922DE88007E9E4F /* SDWebImage */,
				01A474261922AF4A00D5F226 /* AFNetworking */,
				C6A2512C19135D1B00A2DA8F /* Streamer */,
			);
			path = External;
			sourceTree = "<group>";
		};
		C6A2512C19135D1B00A2DA8F /* Streamer */ = {
			isa = PBXGroup;
			children = (
				C6A2514019135D4100A2DA8F /* Common */,
				C6A2512D19135D3800A2DA8F /* astreamer */,
			);
			path = Streamer;
			sourceTree = "<group>";
		};
		C6A2512D19135D3800A2DA8F /* astreamer */ = {
			isa = PBXGroup;
			children = (
				C6A2512E19135D3800A2DA8F /* audio_queue.cpp */,
				C6A2512F19135D3800A2DA8F /* audio_queue.h */,
				C6A2513019135D3800A2DA8F /* audio_stream.cpp */,
				C6A2513119135D3800A2DA8F /* audio_stream.h */,
				C6A2513219135D3800A2DA8F /* file_output.cpp */,
				C6A2513319135D3800A2DA8F /* file_output.h */,
				C6A2513419135D3800A2DA8F /* http_stream.cpp */,
				C6A2513519135D3800A2DA8F /* http_stream.h */,
				C6A2513619135D3800A2DA8F /* id3_parser.cpp */,
				C6A2513719135D3800A2DA8F /* id3_parser.h */,
				C6A2513819135D3800A2DA8F /* stream_configuration.cpp */,
				C6A2513919135D3800A2DA8F /* stream_configuration.h */,
			);
			path = astreamer;
			sourceTree = "<group>";
		};
		C6A2514019135D4100A2DA8F /* Common */ = {
			isa = PBXGroup;
			children = (
				C6A2514119135D4100A2DA8F /* FSAudioController.h */,
				C6A2514219135D4100A2DA8F /* FSAudioController.m */,
				C6A2514319135D4100A2DA8F /* FSAudioStream.h */,
				C6A2514419135D4100A2DA8F /* FSAudioStream.mm */,
				C6A2514519135D4100A2DA8F /* FSCheckContentTypeRequest.h */,
				C6A2514619135D4100A2DA8F /* FSCheckContentTypeRequest.m */,
				C6A2514719135D4100A2DA8F /* FSParsePlaylistRequest.h */,
				C6A2514819135D4100A2DA8F /* FSParsePlaylistRequest.m */,
				C6A2514919135D4100A2DA8F /* FSParseRssPodcastFeedRequest.h */,
				C6A2514A19135D4100A2DA8F /* FSParseRssPodcastFeedRequest.m */,
				C6A2514B19135D4100A2DA8F /* FSPlaylistItem.h */,
				C6A2514C19135D4100A2DA8F /* FSPlaylistItem.m */,
				C6A2514D19135D4100A2DA8F /* FSXMLHttpRequest.h */,
				C6A2514E19135D4100A2DA8F /* FSXMLHttpRequest.m */,
				C6A2514F19135D4100A2DA8F /* Reachability.h */,
				C6A2515019135D4100A2DA8F /* Reachability.m */,
			);
			path = Common;
			sourceTree = "<group>";
		};
		C6A251591913737C00A2DA8F /* Resources */ = {
			isa = PBXGroup;
			children = (
				0151E81A1923F30400654374 /* Images Xilium */,
				C6A2515B191373A300A2DA8F /* Images */,
				C6A2515A1913739200A2DA8F /* Fonts */,
			);
			path = Resources;
			sourceTree = "<group>";
		};
		C6A2515A1913739200A2DA8F /* Fonts */ = {
			isa = PBXGroup;
			children = (
				C6F6469F19246F4D00FEA5AD /* typenoksidi.ttf */,
				C6A2515C191373BC00A2DA8F /* Dosis-Bold.otf */,
				C6A2515D191373BC00A2DA8F /* Dosis-ExtraBold.otf */,
				C6A2515E191373BC00A2DA8F /* Dosis-ExtraLight.otf */,
				C6A2515F191373BC00A2DA8F /* Dosis-Light.otf */,
				C6A25160191373BC00A2DA8F /* Dosis-Medium.otf */,
				C6A25161191373BC00A2DA8F /* Dosis-Regular.otf */,
				C6A25162191373BC00A2DA8F /* Dosis-SemiBold.otf */,
				C6085B4E192B067900BF0A11 /* Lobster.ttf */,
			);
			path = Fonts;
			sourceTree = "<group>";
		};
		C6A2515B191373A300A2DA8F /* Images */ = {
			isa = PBXGroup;
			children = (
				C6085B50192B189A00BF0A11 /* arrow.png */,
				C6085B51192B189A00BF0A11 /* arrow@2x.png */,
				C6085B4C192B040900BF0A11 /* rockbox_logo.png */,
				C6A2518D19137D2100A2DA8F /* pause_button.png */,
				C6A2518E19137D2100A2DA8F /* pause_button@2x.png */,
				C6A2518F19137D2100A2DA8F /* play_button.png */,
				C6A2519019137D2100A2DA8F /* play_button@2x.png */,
				C6A2516A191374B700A2DA8F /* circle_image.png */,
				C6A2516B191374B700A2DA8F /* circle_image@2x.png */,
				C6A2516C191374B700A2DA8F /* main_background.png */,
				C6A2516D191374B700A2DA8F /* main_background@2x.png */,
				C6A2516E191374B700A2DA8F /* menu_button.png */,
				C6A2516F191374B700A2DA8F /* menu_button@2x.png */,
				C6A25170191374B700A2DA8F /* next_button.png */,
				C6A25171191374B700A2DA8F /* next_button@2x.png */,
				C6A25172191374B700A2DA8F /* previous_button.png */,
				C6A25173191374B700A2DA8F /* previous_button@2x.png */,
				C6A25174191374B700A2DA8F /* share_button.png */,
				C6A25175191374B700A2DA8F /* share_button@2x.png */,
				C6A25176191374B700A2DA8F /* sound_image_background.png */,
				C6A25177191374B700A2DA8F /* sound_image_background@2x.png */,
			);
			path = Images;
			sourceTree = "<group>";
		};
		C6A25189191374E400A2DA8F /* Controllers */ = {
			isa = PBXGroup;
			children = (
				C6A2518A1913750100A2DA8F /* MainViewController.h */,
				C6A2518B1913750100A2DA8F /* MainViewController.m */,
				01C4D819192541BE00206D1B /* TweetViewController.h */,
				01C4D81A192541BF00206D1B /* TweetViewController.m */,
			);
			path = Controllers;
			sourceTree = "<group>";
		};
		C6A2519519137DB900A2DA8F /* Classes */ = {
			isa = PBXGroup;
			children = (
				C6A2519619137E3C00A2DA8F /* Main.h */,
				01AFE5E2192BD2B2005FC05B /* TwitterManager.h */,
				01AFE5E3192BD2B2005FC05B /* TwitterManager.m */,
			);
			path = Classes;
			sourceTree = "<group>";
		};
/* End PBXGroup section */

/* Begin PBXNativeTarget section */
		C6A250E819135C6100A2DA8F /* PlanetXiliumRadio */ = {
			isa = PBXNativeTarget;
			buildConfigurationList = C6A2511B19135C6100A2DA8F /* Build configuration list for PBXNativeTarget "PlanetXiliumRadio" */;
			buildPhases = (
				C6A250E519135C6100A2DA8F /* Sources */,
				C6A250E619135C6100A2DA8F /* Frameworks */,
				C6A250E719135C6100A2DA8F /* Resources */,
			);
			buildRules = (
			);
			dependencies = (
			);
			name = PlanetXiliumRadio;
			productName = PlanetXiliumRadio;
			productReference = C6A250E919135C6100A2DA8F /* PlanetXiliumRadio.app */;
			productType = "com.apple.product-type.application";
		};
		C6A2510919135C6100A2DA8F /* PlanetXiliumRadioTests */ = {
			isa = PBXNativeTarget;
			buildConfigurationList = C6A2511E19135C6100A2DA8F /* Build configuration list for PBXNativeTarget "PlanetXiliumRadioTests" */;
			buildPhases = (
				C6A2510619135C6100A2DA8F /* Sources */,
				C6A2510719135C6100A2DA8F /* Frameworks */,
				C6A2510819135C6100A2DA8F /* Resources */,
			);
			buildRules = (
			);
			dependencies = (
				C6A2511019135C6100A2DA8F /* PBXTargetDependency */,
			);
			name = PlanetXiliumRadioTests;
			productName = PlanetXiliumRadioTests;
			productReference = C6A2510A19135C6100A2DA8F /* PlanetXiliumRadioTests.xctest */;
			productType = "com.apple.product-type.bundle.unit-test";
		};
/* End PBXNativeTarget section */

/* Begin PBXProject section */
		C6A250E119135C6100A2DA8F /* Project object */ = {
			isa = PBXProject;
			attributes = {
				LastUpgradeCheck = 0510;
				ORGANIZATIONNAME = "Ramiro Ponce";
				TargetAttributes = {
					C6A2510919135C6100A2DA8F = {
						TestTargetID = C6A250E819135C6100A2DA8F;
					};
				};
			};
			buildConfigurationList = C6A250E419135C6100A2DA8F /* Build configuration list for PBXProject "PlanetXiliumRadio" */;
			compatibilityVersion = "Xcode 3.2";
			developmentRegion = English;
			hasScannedForEncodings = 0;
			knownRegions = (
				en,
				Base,
			);
			mainGroup = C6A250E019135C6100A2DA8F;
			productRefGroup = C6A250EA19135C6100A2DA8F /* Products */;
			projectDirPath = "";
			projectRoot = "";
			targets = (
				C6A250E819135C6100A2DA8F /* PlanetXiliumRadio */,
				C6A2510919135C6100A2DA8F /* PlanetXiliumRadioTests */,
			);
		};
/* End PBXProject section */

/* Begin PBXResourcesBuildPhase section */
		C6A250E719135C6100A2DA8F /* Resources */ = {
			isa = PBXResourcesBuildPhase;
			buildActionMask = 2147483647;
			files = (
				0170F66B19253C8600C8E329 /* centerIcon@2x.png in Resources */,
				C6085B52192B189A00BF0A11 /* arrow.png in Resources */,
				C6A25178191374B700A2DA8F /* circle_image.png in Resources */,
				C6A2517B191374B700A2DA8F /* main_background@2x.png in Resources */,
				0151E82F1923F30400654374 /* home_background_640_960@2x.png in Resources */,
				C6A2517C191374B700A2DA8F /* menu_button.png in Resources */,
				0151E83C1924326F00654374 /* slider-cap@2x.png in Resources */,
				0151E8331923F30400654374 /* radio_play_button@2x.png in Resources */,
				C6F646A419247DB400FEA5AD /* empty_avatar.png in Resources */,
				0151E82B1923F30400654374 /* Default.png in Resources */,
				C6A25180191374B700A2DA8F /* previous_button.png in Resources */,
				C6A25185191374B700A2DA8F /* sound_image_background@2x.png in Resources */,
				C6F646A319247DB400FEA5AD /* empty_avatar@2x.png in Resources */,
				0151E83D1924326F00654374 /* slider-track-fill.png in Resources */,
				0151E82D1923F30400654374 /* home_background_640_1136.png in Resources */,
				C6A2510519135C6100A2DA8F /* Images.xcassets in Resources */,
				C6A25168191373BC00A2DA8F /* Dosis-Regular.otf in Resources */,
				0151E83B1924326F00654374 /* slider-cap.png in Resources */,
				C6A25163191373BC00A2DA8F /* Dosis-Bold.otf in Resources */,
				C6A25169191373BC00A2DA8F /* Dosis-SemiBold.otf in Resources */,
				C6085B4D192B040900BF0A11 /* rockbox_logo.png in Resources */,
				01C4D81E192552EE00206D1B /* planet_xilium_logo.png in Resources */,
				C6A2517F191374B700A2DA8F /* next_button@2x.png in Resources */,
				0151E8321923F30400654374 /* radio_play_button.png in Resources */,
				C6A250F719135C6100A2DA8F /* InfoPlist.strings in Resources */,
				C6A2519219137D2100A2DA8F /* pause_button@2x.png in Resources */,
				C6A25164191373BC00A2DA8F /* Dosis-ExtraBold.otf in Resources */,
				0151E8401924326F00654374 /* slider-track@2x.png in Resources */,
				C6A2519119137D2100A2DA8F /* pause_button.png in Resources */,
				0151E83E1924326F00654374 /* slider-track-fill@2x.png in Resources */,
				0151E8311923F30400654374 /* radio_pause_button@2x.png in Resources */,
				C6A2517A191374B700A2DA8F /* main_background.png in Resources */,
				C6085B53192B189A00BF0A11 /* arrow@2x.png in Resources */,
				C6A25184191374B700A2DA8F /* sound_image_background.png in Resources */,
				0151E8281923F30400654374 /* button_background.png in Resources */,
				0151E82A1923F30400654374 /* Default-568h@2x.png in Resources */,
				01C4D82B1925806E00206D1B /* xilium_head.png in Resources */,
				C6F6469D19246E2100FEA5AD /* container_background.png in Resources */,
				C6A25165191373BC00A2DA8F /* Dosis-ExtraLight.otf in Resources */,
				C6A25182191374B700A2DA8F /* share_button.png in Resources */,
				C6F646A019246F4D00FEA5AD /* typenoksidi.ttf in Resources */,
				0151E8301923F30400654374 /* radio_pause_button.png in Resources */,
				C6A25179191374B700A2DA8F /* circle_image@2x.png in Resources */,
				C6A25166191373BC00A2DA8F /* Dosis-Light.otf in Resources */,
				0151E82E1923F30400654374 /* home_background_640_960.png in Resources */,
				0151E83F1924326F00654374 /* slider-track.png in Resources */,
				01C4D8291925806800206D1B /* xilium_head@2x.png in Resources */,
				C6A25183191374B700A2DA8F /* share_button@2x.png in Resources */,
				0151E8291923F30400654374 /* button_background@2x.png in Resources */,
				C6A2517E191374B700A2DA8F /* next_button.png in Resources */,
				C6A2519319137D2100A2DA8F /* play_button.png in Resources */,
				0151E82C1923F30400654374 /* Default@2x.png in Resources */,
				C6A2510019135C6100A2DA8F /* Main.storyboard in Resources */,
				C6A2519419137D2100A2DA8F /* play_button@2x.png in Resources */,
				C6A25167191373BC00A2DA8F /* Dosis-Medium.otf in Resources */,
				C6F6469E19246E2100FEA5AD /* container_background@2x.png in Resources */,
				C6085B4F192B067900BF0A11 /* Lobster.ttf in Resources */,
				C6A2517D191374B700A2DA8F /* menu_button@2x.png in Resources */,
				C6A25181191374B700A2DA8F /* previous_button@2x.png in Resources */,
			);
			runOnlyForDeploymentPostprocessing = 0;
		};
		C6A2510819135C6100A2DA8F /* Resources */ = {
			isa = PBXResourcesBuildPhase;
			buildActionMask = 2147483647;
			files = (
				C6A2511619135C6100A2DA8F /* InfoPlist.strings in Resources */,
			);
			runOnlyForDeploymentPostprocessing = 0;
		};
/* End PBXResourcesBuildPhase section */

/* Begin PBXSourcesBuildPhase section */
		C6A250E519135C6100A2DA8F /* Sources */ = {
			isa = PBXSourcesBuildPhase;
			buildActionMask = 2147483647;
			files = (
				01A474451922B62800D5F226 /* TweetCollectionViewCell.m in Sources */,
				01C6A2511922DF85007E9E4F /* UIImage+Scaling.m in Sources */,
				C6A2515719135D4100A2DA8F /* FSXMLHttpRequest.m in Sources */,
				C6A2513C19135D3800A2DA8F /* file_output.cpp in Sources */,
				01A4743E1922AF4A00D5F226 /* AFSecurityPolicy.m in Sources */,
				01A4743B1922AF4A00D5F226 /* AFHTTPRequestOperationManager.m in Sources */,
				0170F66C19253C8600C8E329 /* UIScrollView+UzysCircularProgressPullToRefresh.m in Sources */,
				01C6A24F1922DF85007E9E4F /* UIImage+Resize.m in Sources */,
				01A4743A1922AF4A00D5F226 /* AFHTTPRequestOperation.m in Sources */,
				C6A2510319135C6100A2DA8F /* ViewController.m in Sources */,
				01AFE5DC192BD27C005FC05B /* STTwitterOAuth.m in Sources */,
				01C6A2431922DE88007E9E4F /* UIButton+WebCache.m in Sources */,
				01C6A2421922DE88007E9E4F /* SDWebImagePrefetcher.m in Sources */,
				01AFE5E4192BD2B2005FC05B /* TwitterManager.m in Sources */,
				C6A2513D19135D3800A2DA8F /* http_stream.cpp in Sources */,
				01C6A24E1922DF85007E9E4F /* UIImage+Alpha.m in Sources */,
				C6A2515319135D4100A2DA8F /* FSCheckContentTypeRequest.m in Sources */,
				C6A2513E19135D3800A2DA8F /* id3_parser.cpp in Sources */,
				01AFE5E0192BD27C005FC05B /* JSONSyntaxHighlight.m in Sources */,
				01C6A23F1922DE88007E9E4F /* SDWebImageDecoder.m in Sources */,
				C6A250FD19135C6100A2DA8F /* AppDelegate.m in Sources */,
				01C6A2441922DE88007E9E4F /* UIImageView+WebCache.m in Sources */,
				01C4D821192556CD00206D1B /* TweetTableViewCell.m in Sources */,
				0170F66D19253C8600C8E329 /* UzysRadialProgressActivityIndicator.m in Sources */,
				01C6A2411922DE88007E9E4F /* SDWebImageManager.m in Sources */,
				01AFE5DD192BD27C005FC05B /* STTwitterOS.m in Sources */,
				C6A2515119135D4100A2DA8F /* FSAudioController.m in Sources */,
				C6A2513F19135D3800A2DA8F /* stream_configuration.cpp in Sources */,
				01AFE5E1192BD27C005FC05B /* STHTTPRequest.m in Sources */,
				C6A2513B19135D3800A2DA8F /* audio_stream.cpp in Sources */,
				01A4743C1922AF4A00D5F226 /* AFHTTPSessionManager.m in Sources */,
				01C4D81B192541BF00206D1B /* TweetViewController.m in Sources */,
				C6A2515419135D4100A2DA8F /* FSParsePlaylistRequest.m in Sources */,
				01AFE5D6192BD27C005FC05B /* NSError+STTwitter.m in Sources */,
				C6A2515619135D4100A2DA8F /* FSPlaylistItem.m in Sources */,
				01A4743F1922AF4A00D5F226 /* AFURLConnectionOperation.m in Sources */,
				01A474401922AF4A00D5F226 /* AFURLRequestSerialization.m in Sources */,
				01AFE5DE192BD27C005FC05B /* STTwitterOSRequest.m in Sources */,
				01C6A23E1922DE88007E9E4F /* SDImageCache.m in Sources */,
				01C6A23D1922DE88007E9E4F /* MKAnnotationView+WebCache.m in Sources */,
				01AFE5DA192BD27C005FC05B /* STTwitterAppOnly.m in Sources */,
				01AFE5D7192BD27C005FC05B /* NSString+STTwitter.m in Sources */,
				01A474421922AF4A00D5F226 /* AFURLSessionManager.m in Sources */,
				01A474411922AF4A00D5F226 /* AFURLResponseSerialization.m in Sources */,
				01AFE5DF192BD27C005FC05B /* BAVPlistNode.m in Sources */,
				01C6A2401922DE88007E9E4F /* SDWebImageDownloader.m in Sources */,
				C6A2513A19135D3800A2DA8F /* audio_queue.cpp in Sources */,
				C6A2518C1913750100A2DA8F /* MainViewController.m in Sources */,
				01AFE5D5192BD27C005FC05B /* NSDateFormatter+STTwitter.m in Sources */,
				01AFE5D8192BD27C005FC05B /* STHTTPRequest+STTwitter.m in Sources */,
				C6A250F919135C6100A2DA8F /* main.m in Sources */,
				01C6A2501922DF85007E9E4F /* UIImage+RoundedCorner.m in Sources */,
				01AFE5DB192BD27C005FC05B /* STTwitterHTML.m in Sources */,
				C6A2515519135D4100A2DA8F /* FSParseRssPodcastFeedRequest.m in Sources */,
				C6A2515219135D4100A2DA8F /* FSAudioStream.mm in Sources */,
				01A4743D1922AF4A00D5F226 /* AFNetworkReachabilityManager.m in Sources */,
				C6A2515819135D4100A2DA8F /* Reachability.m in Sources */,
				01AFE5D9192BD27C005FC05B /* STTwitterAPI.m in Sources */,
			);
			runOnlyForDeploymentPostprocessing = 0;
		};
		C6A2510619135C6100A2DA8F /* Sources */ = {
			isa = PBXSourcesBuildPhase;
			buildActionMask = 2147483647;
			files = (
				C6A2511819135C6100A2DA8F /* PlanetXiliumRadioTests.m in Sources */,
			);
			runOnlyForDeploymentPostprocessing = 0;
		};
/* End PBXSourcesBuildPhase section */

/* Begin PBXTargetDependency section */
		C6A2511019135C6100A2DA8F /* PBXTargetDependency */ = {
			isa = PBXTargetDependency;
			target = C6A250E819135C6100A2DA8F /* PlanetXiliumRadio */;
			targetProxy = C6A2510F19135C6100A2DA8F /* PBXContainerItemProxy */;
		};
/* End PBXTargetDependency section */

/* Begin PBXVariantGroup section */
		C6A250F519135C6100A2DA8F /* InfoPlist.strings */ = {
			isa = PBXVariantGroup;
			children = (
				C6A250F619135C6100A2DA8F /* en */,
			);
			name = InfoPlist.strings;
			sourceTree = "<group>";
		};
		C6A250FE19135C6100A2DA8F /* Main.storyboard */ = {
			isa = PBXVariantGroup;
			children = (
				C6A250FF19135C6100A2DA8F /* Base */,
			);
			name = Main.storyboard;
			sourceTree = "<group>";
		};
		C6A2511419135C6100A2DA8F /* InfoPlist.strings */ = {
			isa = PBXVariantGroup;
			children = (
				C6A2511519135C6100A2DA8F /* en */,
			);
			name = InfoPlist.strings;
			sourceTree = "<group>";
		};
/* End PBXVariantGroup section */

/* Begin XCBuildConfiguration section */
		C6A2511919135C6100A2DA8F /* Debug */ = {
			isa = XCBuildConfiguration;
			buildSettings = {
				ALWAYS_SEARCH_USER_PATHS = NO;
				CLANG_CXX_LANGUAGE_STANDARD = "gnu++0x";
				CLANG_CXX_LIBRARY = "libc++";
				CLANG_ENABLE_MODULES = YES;
				CLANG_ENABLE_OBJC_ARC = YES;
				CLANG_WARN_BOOL_CONVERSION = YES;
				CLANG_WARN_CONSTANT_CONVERSION = YES;
				CLANG_WARN_DIRECT_OBJC_ISA_USAGE = YES_ERROR;
				CLANG_WARN_EMPTY_BODY = YES;
				CLANG_WARN_ENUM_CONVERSION = YES;
				CLANG_WARN_INT_CONVERSION = YES;
				CLANG_WARN_OBJC_ROOT_CLASS = YES_ERROR;
				CLANG_WARN__DUPLICATE_METHOD_MATCH = YES;
				"CODE_SIGN_IDENTITY[sdk=iphoneos*]" = "iPhone Developer";
				COPY_PHASE_STRIP = NO;
				GCC_C_LANGUAGE_STANDARD = gnu99;
				GCC_DYNAMIC_NO_PIC = NO;
				GCC_OPTIMIZATION_LEVEL = 0;
				GCC_PREPROCESSOR_DEFINITIONS = (
					"DEBUG=1",
					"$(inherited)",
				);
				GCC_SYMBOLS_PRIVATE_EXTERN = NO;
				GCC_WARN_64_TO_32_BIT_CONVERSION = YES;
				GCC_WARN_ABOUT_RETURN_TYPE = YES_ERROR;
				GCC_WARN_UNDECLARED_SELECTOR = YES;
				GCC_WARN_UNINITIALIZED_AUTOS = YES_AGGRESSIVE;
				GCC_WARN_UNUSED_FUNCTION = YES;
				GCC_WARN_UNUSED_VARIABLE = YES;
				IPHONEOS_DEPLOYMENT_TARGET = 7.1;
				ONLY_ACTIVE_ARCH = YES;
				SDKROOT = iphoneos;
			};
			name = Debug;
		};
		C6A2511A19135C6100A2DA8F /* Release */ = {
			isa = XCBuildConfiguration;
			buildSettings = {
				ALWAYS_SEARCH_USER_PATHS = NO;
				CLANG_CXX_LANGUAGE_STANDARD = "gnu++0x";
				CLANG_CXX_LIBRARY = "libc++";
				CLANG_ENABLE_MODULES = YES;
				CLANG_ENABLE_OBJC_ARC = YES;
				CLANG_WARN_BOOL_CONVERSION = YES;
				CLANG_WARN_CONSTANT_CONVERSION = YES;
				CLANG_WARN_DIRECT_OBJC_ISA_USAGE = YES_ERROR;
				CLANG_WARN_EMPTY_BODY = YES;
				CLANG_WARN_ENUM_CONVERSION = YES;
				CLANG_WARN_INT_CONVERSION = YES;
				CLANG_WARN_OBJC_ROOT_CLASS = YES_ERROR;
				CLANG_WARN__DUPLICATE_METHOD_MATCH = YES;
				"CODE_SIGN_IDENTITY[sdk=iphoneos*]" = "iPhone Developer";
				COPY_PHASE_STRIP = YES;
				ENABLE_NS_ASSERTIONS = NO;
				GCC_C_LANGUAGE_STANDARD = gnu99;
				GCC_WARN_64_TO_32_BIT_CONVERSION = YES;
				GCC_WARN_ABOUT_RETURN_TYPE = YES_ERROR;
				GCC_WARN_UNDECLARED_SELECTOR = YES;
				GCC_WARN_UNINITIALIZED_AUTOS = YES_AGGRESSIVE;
				GCC_WARN_UNUSED_FUNCTION = YES;
				GCC_WARN_UNUSED_VARIABLE = YES;
				IPHONEOS_DEPLOYMENT_TARGET = 7.1;
				SDKROOT = iphoneos;
				VALIDATE_PRODUCT = YES;
			};
			name = Release;
		};
		C6A2511C19135C6100A2DA8F /* Debug */ = {
			isa = XCBuildConfiguration;
			buildSettings = {
				ASSETCATALOG_COMPILER_APPICON_NAME = AppIcon;
				ASSETCATALOG_COMPILER_LAUNCHIMAGE_NAME = LaunchImage;
				GCC_PRECOMPILE_PREFIX_HEADER = YES;
				GCC_PREFIX_HEADER = "PlanetXiliumRadio/PlanetXiliumRadio-Prefix.pch";
				HEADER_SEARCH_PATHS = (
					"$(inherited)",
					/Applications/Xcode.app/Contents/Developer/Toolchains/XcodeDefault.xctoolchain/usr/include,
					"$(SDKROOT)/usr/include/libxml2",
				);
				INFOPLIST_FILE = "PlanetXiliumRadio/PlanetXiliumRadio-Info.plist";
				IPHONEOS_DEPLOYMENT_TARGET = 6.1;
				PRODUCT_NAME = "$(TARGET_NAME)";
				WRAPPER_EXTENSION = app;
			};
			name = Debug;
		};
		C6A2511D19135C6100A2DA8F /* Release */ = {
			isa = XCBuildConfiguration;
			buildSettings = {
				ASSETCATALOG_COMPILER_APPICON_NAME = AppIcon;
				ASSETCATALOG_COMPILER_LAUNCHIMAGE_NAME = LaunchImage;
				GCC_PRECOMPILE_PREFIX_HEADER = YES;
				GCC_PREFIX_HEADER = "PlanetXiliumRadio/PlanetXiliumRadio-Prefix.pch";
				HEADER_SEARCH_PATHS = (
					"$(inherited)",
					/Applications/Xcode.app/Contents/Developer/Toolchains/XcodeDefault.xctoolchain/usr/include,
					"$(SDKROOT)/usr/include/libxml2",
				);
				INFOPLIST_FILE = "PlanetXiliumRadio/PlanetXiliumRadio-Info.plist";
				IPHONEOS_DEPLOYMENT_TARGET = 6.1;
				PRODUCT_NAME = "$(TARGET_NAME)";
				WRAPPER_EXTENSION = app;
			};
			name = Release;
		};
		C6A2511F19135C6100A2DA8F /* Debug */ = {
			isa = XCBuildConfiguration;
			buildSettings = {
				BUNDLE_LOADER = "$(BUILT_PRODUCTS_DIR)/PlanetXiliumRadio.app/PlanetXiliumRadio";
				FRAMEWORK_SEARCH_PATHS = (
					"$(SDKROOT)/Developer/Library/Frameworks",
					"$(inherited)",
					"$(DEVELOPER_FRAMEWORKS_DIR)",
				);
				GCC_PRECOMPILE_PREFIX_HEADER = YES;
				GCC_PREFIX_HEADER = "PlanetXiliumRadio/PlanetXiliumRadio-Prefix.pch";
				GCC_PREPROCESSOR_DEFINITIONS = (
					"DEBUG=1",
					"$(inherited)",
				);
				INFOPLIST_FILE = "PlanetXiliumRadioTests/PlanetXiliumRadioTests-Info.plist";
				PRODUCT_NAME = "$(TARGET_NAME)";
				TEST_HOST = "$(BUNDLE_LOADER)";
				WRAPPER_EXTENSION = xctest;
			};
			name = Debug;
		};
		C6A2512019135C6100A2DA8F /* Release */ = {
			isa = XCBuildConfiguration;
			buildSettings = {
				BUNDLE_LOADER = "$(BUILT_PRODUCTS_DIR)/PlanetXiliumRadio.app/PlanetXiliumRadio";
				FRAMEWORK_SEARCH_PATHS = (
					"$(SDKROOT)/Developer/Library/Frameworks",
					"$(inherited)",
					"$(DEVELOPER_FRAMEWORKS_DIR)",
				);
				GCC_PRECOMPILE_PREFIX_HEADER = YES;
				GCC_PREFIX_HEADER = "PlanetXiliumRadio/PlanetXiliumRadio-Prefix.pch";
				INFOPLIST_FILE = "PlanetXiliumRadioTests/PlanetXiliumRadioTests-Info.plist";
				PRODUCT_NAME = "$(TARGET_NAME)";
				TEST_HOST = "$(BUNDLE_LOADER)";
				WRAPPER_EXTENSION = xctest;
			};
			name = Release;
		};
/* End XCBuildConfiguration section */

/* Begin XCConfigurationList section */
		C6A250E419135C6100A2DA8F /* Build configuration list for PBXProject "PlanetXiliumRadio" */ = {
			isa = XCConfigurationList;
			buildConfigurations = (
				C6A2511919135C6100A2DA8F /* Debug */,
				C6A2511A19135C6100A2DA8F /* Release */,
			);
			defaultConfigurationIsVisible = 0;
			defaultConfigurationName = Release;
		};
		C6A2511B19135C6100A2DA8F /* Build configuration list for PBXNativeTarget "PlanetXiliumRadio" */ = {
			isa = XCConfigurationList;
			buildConfigurations = (
				C6A2511C19135C6100A2DA8F /* Debug */,
				C6A2511D19135C6100A2DA8F /* Release */,
			);
			defaultConfigurationIsVisible = 0;
			defaultConfigurationName = Release;
		};
		C6A2511E19135C6100A2DA8F /* Build configuration list for PBXNativeTarget "PlanetXiliumRadioTests" */ = {
			isa = XCConfigurationList;
			buildConfigurations = (
				C6A2511F19135C6100A2DA8F /* Debug */,
				C6A2512019135C6100A2DA8F /* Release */,
			);
			defaultConfigurationIsVisible = 0;
			defaultConfigurationName = Release;
		};
/* End XCConfigurationList section */
	};
	rootObject = C6A250E119135C6100A2DA8F /* Project object */;
}
